// !$*UTF8*$!
{
	archiveVersion = 1;
	classes = {
	};
	objectVersion = 48;
	objects = {

/* Begin PBXBuildFile section */
		2003C95B25AD54EE00A1627F /* JYTestTableViewCell.m in Sources */ = {isa = PBXBuildFile; fileRef = 2003C95A25AD54EE00A1627F /* JYTestTableViewCell.m */; };
		20057A64259082CA00737CB2 /* UIControl+ClickInterval.m in Sources */ = {isa = PBXBuildFile; fileRef = 20057A63259082CA00737CB2 /* UIControl+ClickInterval.m */; };
		2018C50C25B814CF00C6806E /* apple-app-site-association in Resources */ = {isa = PBXBuildFile; fileRef = 2018C50B25B814CF00C6806E /* apple-app-site-association */; };
		20408EF9258CE28B00CEEDBC /* UITextView+JYPlaceholder.m in Sources */ = {isa = PBXBuildFile; fileRef = 20408EF8258CE28B00CEEDBC /* UITextView+JYPlaceholder.m */; };
		204E63FD2264351600F29622 /* JYSegmentView.m in Sources */ = {isa = PBXBuildFile; fileRef = 204E63FC2264351600F29622 /* JYSegmentView.m */; };
		204E64042266FAE300F29622 /* JYPageViewController.m in Sources */ = {isa = PBXBuildFile; fileRef = 204E64032266FAE300F29622 /* JYPageViewController.m */; };
		2054C94B26BAF0F600063150 /* UICollectionView+EmptyView.m in Sources */ = {isa = PBXBuildFile; fileRef = 2054C94526BAF0F600063150 /* UICollectionView+EmptyView.m */; };
		2054C94C26BAF0F600063150 /* CPEmptyView.m in Sources */ = {isa = PBXBuildFile; fileRef = 2054C94726BAF0F600063150 /* CPEmptyView.m */; };
		2054C94D26BAF0F600063150 /* UITableView+EmptyView.m in Sources */ = {isa = PBXBuildFile; fileRef = 2054C94826BAF0F600063150 /* UITableView+EmptyView.m */; };
		2054C95026BAF2C800063150 /* FBKVOController+JYExtension.m in Sources */ = {isa = PBXBuildFile; fileRef = 2054C94E26BAF2C800063150 /* FBKVOController+JYExtension.m */; };
		2054C95526BAF37D00063150 /* UIViewController+SHPhoto.m in Sources */ = {isa = PBXBuildFile; fileRef = 2054C95326BAF37D00063150 /* UIViewController+SHPhoto.m */; };
		2054C95626BAF37D00063150 /* UIViewController+CPPush.m in Sources */ = {isa = PBXBuildFile; fileRef = 2054C95426BAF37D00063150 /* UIViewController+CPPush.m */; };
		2054C95D26BAF65500063150 /* JYHttpResponse.m in Sources */ = {isa = PBXBuildFile; fileRef = 2054C95926BAF65500063150 /* JYHttpResponse.m */; };
		2054C95E26BAF65500063150 /* JYNetworkingManager.m in Sources */ = {isa = PBXBuildFile; fileRef = 2054C95A26BAF65500063150 /* JYNetworkingManager.m */; };
		2054C96226BC2B4800063150 /* UIView+HUD.m in Sources */ = {isa = PBXBuildFile; fileRef = 2054C96026BC2B4800063150 /* UIView+HUD.m */; };
		2054C96826BD826F00063150 /* CPRefreshNormalHeader.m in Sources */ = {isa = PBXBuildFile; fileRef = 2054C96426BD826F00063150 /* CPRefreshNormalHeader.m */; };
		2054C96926BD826F00063150 /* CPRefreshAutoNormalFooter.m in Sources */ = {isa = PBXBuildFile; fileRef = 2054C96726BD826F00063150 /* CPRefreshAutoNormalFooter.m */; };
		2054C96F26BD836500063150 /* TagView.m in Sources */ = {isa = PBXBuildFile; fileRef = 2054C96C26BD836500063150 /* TagView.m */; };
		2054C97026BD836500063150 /* TagListView.m in Sources */ = {isa = PBXBuildFile; fileRef = 2054C96D26BD836500063150 /* TagListView.m */; };
		2054C97326BD838D00063150 /* OUTagListView.m in Sources */ = {isa = PBXBuildFile; fileRef = 2054C97226BD838D00063150 /* OUTagListView.m */; };
		2054C98E26BD843900063150 /* BRResultModel.m in Sources */ = {isa = PBXBuildFile; fileRef = 2054C97626BD843900063150 /* BRResultModel.m */; };
		2054C98F26BD843900063150 /* BRStringPickerView.m in Sources */ = {isa = PBXBuildFile; fileRef = 2054C97926BD843900063150 /* BRStringPickerView.m */; };
		2054C99026BD843900063150 /* NSDate+BRPickerView.m in Sources */ = {isa = PBXBuildFile; fileRef = 2054C97D26BD843900063150 /* NSDate+BRPickerView.m */; };
		2054C99126BD843900063150 /* BRDatePickerView.m in Sources */ = {isa = PBXBuildFile; fileRef = 2054C97E26BD843900063150 /* BRDatePickerView.m */; };
		2054C99226BD843900063150 /* BRPickerView.bundle in Resources */ = {isa = PBXBuildFile; fileRef = 2054C98326BD843900063150 /* BRPickerView.bundle */; };
		2054C99326BD843900063150 /* BRPickerStyle.m in Sources */ = {isa = PBXBuildFile; fileRef = 2054C98426BD843900063150 /* BRPickerStyle.m */; };
		2054C99426BD843900063150 /* BRBaseView.m in Sources */ = {isa = PBXBuildFile; fileRef = 2054C98526BD843900063150 /* BRBaseView.m */; };
		2054C99526BD843900063150 /* NSBundle+BRPickerView.m in Sources */ = {isa = PBXBuildFile; fileRef = 2054C98626BD843900063150 /* NSBundle+BRPickerView.m */; };
		2054C99626BD843900063150 /* BRAddressModel.m in Sources */ = {isa = PBXBuildFile; fileRef = 2054C98A26BD843900063150 /* BRAddressModel.m */; };
		2054C99726BD843900063150 /* BRAddressPickerView.m in Sources */ = {isa = PBXBuildFile; fileRef = 2054C98D26BD843900063150 /* BRAddressPickerView.m */; };
		20753350258660C800A5E607 /* JYBaseAlertView.m in Sources */ = {isa = PBXBuildFile; fileRef = 2075334F258660C800A5E607 /* JYBaseAlertView.m */; };
		20753356258661E800A5E607 /* JYAlertSheet.m in Sources */ = {isa = PBXBuildFile; fileRef = 20753355258661E800A5E607 /* JYAlertSheet.m */; };
		2075335C2586642200A5E607 /* JYTableViewCell.m in Sources */ = {isa = PBXBuildFile; fileRef = 2075335B2586642200A5E607 /* JYTableViewCell.m */; };
		2075336E2586668500A5E607 /* UILabel+JYCategory.m in Sources */ = {isa = PBXBuildFile; fileRef = 2075336D2586668500A5E607 /* UILabel+JYCategory.m */; };
		207533772586674D00A5E607 /* UIView+JYBageView.m in Sources */ = {isa = PBXBuildFile; fileRef = 207533762586674D00A5E607 /* UIView+JYBageView.m */; };
		2075337D2586687D00A5E607 /* JYScanNative.m in Sources */ = {isa = PBXBuildFile; fileRef = 2075337C2586687D00A5E607 /* JYScanNative.m */; };
		2075338B258A615500A5E607 /* UIView+Snapshot.m in Sources */ = {isa = PBXBuildFile; fileRef = 20753385258A615500A5E607 /* UIView+Snapshot.m */; };
		2075338C258A615500A5E607 /* UIViewController+PureTransition.m in Sources */ = {isa = PBXBuildFile; fileRef = 20753388258A615500A5E607 /* UIViewController+PureTransition.m */; };
		207533A6258F3D9100A5E607 /* JYTestViewController.m in Sources */ = {isa = PBXBuildFile; fileRef = 207533A5258F3D9100A5E607 /* JYTestViewController.m */; };
		207533B3258F474700A5E607 /* JYBaseViewModel.m in Sources */ = {isa = PBXBuildFile; fileRef = 207533B2258F474700A5E607 /* JYBaseViewModel.m */; };
		207533BC258F484200A5E607 /* JYCollectionViewCell.m in Sources */ = {isa = PBXBuildFile; fileRef = 207533BB258F484200A5E607 /* JYCollectionViewCell.m */; };
		207533C5258F4A8C00A5E607 /* JYStackViewController.m in Sources */ = {isa = PBXBuildFile; fileRef = 207533C4258F4A8C00A5E607 /* JYStackViewController.m */; };
		2079992120E9CB7800C34D9A /* UITextField+JYExtension.m in Sources */ = {isa = PBXBuildFile; fileRef = 2079992020E9CB7800C34D9A /* UITextField+JYExtension.m */; };
		2079992420E9CC9200C34D9A /* NSString+JYExtension.m in Sources */ = {isa = PBXBuildFile; fileRef = 2079992320E9CC9200C34D9A /* NSString+JYExtension.m */; };
		2079992720E9CE5700C34D9A /* UITabBar+JYBage.m in Sources */ = {isa = PBXBuildFile; fileRef = 2079992620E9CE5700C34D9A /* UITabBar+JYBage.m */; };
		2079992A20E9DB3C00C34D9A /* UITableView+JYExtension.m in Sources */ = {isa = PBXBuildFile; fileRef = 2079992920E9DB3C00C34D9A /* UITableView+JYExtension.m */; };
		2079992D20E9F89900C34D9A /* NSString+JYValid.m in Sources */ = {isa = PBXBuildFile; fileRef = 2079992C20E9F89900C34D9A /* NSString+JYValid.m */; };
		2079993120E9FE7E00C34D9A /* JYControllerHelper.m in Sources */ = {isa = PBXBuildFile; fileRef = 2079993020E9FE7E00C34D9A /* JYControllerHelper.m */; };
		2079993420EA091600C34D9A /* JYLocalNotifationCenter.m in Sources */ = {isa = PBXBuildFile; fileRef = 2079993320EA091600C34D9A /* JYLocalNotifationCenter.m */; };
		2079993720EA0DAF00C34D9A /* NSDate+JYExtension.m in Sources */ = {isa = PBXBuildFile; fileRef = 2079993620EA0DAF00C34D9A /* NSDate+JYExtension.m */; };
		2079993A20EA0F3200C34D9A /* NSDateFormatter+JYExtension.m in Sources */ = {isa = PBXBuildFile; fileRef = 2079993920EA0F3200C34D9A /* NSDateFormatter+JYExtension.m */; };
		2079993D20EA103600C34D9A /* JYWebImageTool.m in Sources */ = {isa = PBXBuildFile; fileRef = 2079993C20EA103600C34D9A /* JYWebImageTool.m */; };
		2079994020EA175A00C34D9A /* UIImageView+JYWebImage.m in Sources */ = {isa = PBXBuildFile; fileRef = 2079993F20EA175A00C34D9A /* UIImageView+JYWebImage.m */; };
		208CAA2120E1EFD600374358 /* JYWCHelper.m in Sources */ = {isa = PBXBuildFile; fileRef = 208CAA2020E1EFD600374358 /* JYWCHelper.m */; };
		208CAA2420E1F26C00374358 /* JYTPHelperConfig.m in Sources */ = {isa = PBXBuildFile; fileRef = 208CAA2320E1F26C00374358 /* JYTPHelperConfig.m */; };
		208CAA2720E21AA900374358 /* JYQQHelper.m in Sources */ = {isa = PBXBuildFile; fileRef = 208CAA2620E21AA900374358 /* JYQQHelper.m */; };
		208CAA2D20E22F7600374358 /* JYWBHelper.m in Sources */ = {isa = PBXBuildFile; fileRef = 208CAA2B20E22F7500374358 /* JYWBHelper.m */; };
		208CAA3020E2308E00374358 /* JYAliPayHelper.m in Sources */ = {isa = PBXBuildFile; fileRef = 208CAA2F20E2308E00374358 /* JYAliPayHelper.m */; };
		208CAA3220E2378000374358 /* AlipaySDK.framework in Frameworks */ = {isa = PBXBuildFile; fileRef = 9DDD1DDD206CD2AF00D35594 /* AlipaySDK.framework */; };
		208CAA3420E2379700374358 /* TencentOpenAPI.framework in Frameworks */ = {isa = PBXBuildFile; fileRef = 9DDD1DEE206CD39E00D35594 /* TencentOpenAPI.framework */; };
		208CAA3720E23B3900374358 /* SystemConfiguration.framework in Frameworks */ = {isa = PBXBuildFile; fileRef = 208CAA3620E23B3800374358 /* SystemConfiguration.framework */; };
		208CAA3920E23E1A00374358 /* libc++.tbd in Frameworks */ = {isa = PBXBuildFile; fileRef = 208CAA3820E23E1900374358 /* libc++.tbd */; };
		208CAA3B20E23E2100374358 /* libz.tbd in Frameworks */ = {isa = PBXBuildFile; fileRef = 208CAA3A20E23E2000374358 /* libz.tbd */; };
		208CAA3D20E23E2E00374358 /* CoreTelephony.framework in Frameworks */ = {isa = PBXBuildFile; fileRef = 208CAA3C20E23E2D00374358 /* CoreTelephony.framework */; };
		208CAA3F20E23E3B00374358 /* QuartzCore.framework in Frameworks */ = {isa = PBXBuildFile; fileRef = 208CAA3E20E23E3B00374358 /* QuartzCore.framework */; };
		208CAA4120E23E4300374358 /* CoreText.framework in Frameworks */ = {isa = PBXBuildFile; fileRef = 208CAA4020E23E4300374358 /* CoreText.framework */; };
		208CAA4320E23E4B00374358 /* CoreGraphics.framework in Frameworks */ = {isa = PBXBuildFile; fileRef = 208CAA4220E23E4B00374358 /* CoreGraphics.framework */; };
		208CAA4520E23E5300374358 /* UIKit.framework in Frameworks */ = {isa = PBXBuildFile; fileRef = 208CAA4420E23E5300374358 /* UIKit.framework */; };
		208CAA4720E23E5E00374358 /* Foundation.framework in Frameworks */ = {isa = PBXBuildFile; fileRef = 208CAA4620E23E5E00374358 /* Foundation.framework */; };
		208CAA4920E23E6800374358 /* CFNetwork.framework in Frameworks */ = {isa = PBXBuildFile; fileRef = 208CAA4820E23E6700374358 /* CFNetwork.framework */; };
		208CAA4B20E23E7100374358 /* CoreMotion.framework in Frameworks */ = {isa = PBXBuildFile; fileRef = 208CAA4A20E23E7000374358 /* CoreMotion.framework */; };
		20A453472122E68900540EF1 /* JYTableViewController.m in Sources */ = {isa = PBXBuildFile; fileRef = 20A453462122E68900540EF1 /* JYTableViewController.m */; };
		20A4534A2123274000540EF1 /* JYWebViewController.m in Sources */ = {isa = PBXBuildFile; fileRef = 20A453492123274000540EF1 /* JYWebViewController.m */; };
		20D39E1B20E387320088F4BF /* JYDefaultHelper.m in Sources */ = {isa = PBXBuildFile; fileRef = 20D39E1A20E387320088F4BF /* JYDefaultHelper.m */; };
		20D39E1E20E391F60088F4BF /* UIFont+JYScale.m in Sources */ = {isa = PBXBuildFile; fileRef = 20D39E1D20E391F60088F4BF /* UIFont+JYScale.m */; };
		20D4AC4F20EC63E2006693CD /* UIImage+JYBlur.m in Sources */ = {isa = PBXBuildFile; fileRef = 20D4AC4E20EC63E2006693CD /* UIImage+JYBlur.m */; };
		20D4AC5220EC69DC006693CD /* UIView+JYExtension.m in Sources */ = {isa = PBXBuildFile; fileRef = 20D4AC5120EC69DC006693CD /* UIView+JYExtension.m */; };
		20D4AC5520EC6ABF006693CD /* UIFont+JYExtenison.m in Sources */ = {isa = PBXBuildFile; fileRef = 20D4AC5420EC6ABF006693CD /* UIFont+JYExtenison.m */; };
		20D4AC5920EC7E0C006693CD /* JYEmptyDataView.m in Sources */ = {isa = PBXBuildFile; fileRef = 20D4AC5820EC7E0C006693CD /* JYEmptyDataView.m */; };
		20D8A0EF2112A56A009DBE91 /* JYModel.m in Sources */ = {isa = PBXBuildFile; fileRef = 20D8A0EE2112A56A009DBE91 /* JYModel.m */; };
		20D99DE320E4BC8400F06BFE /* JYBaseViewController.m in Sources */ = {isa = PBXBuildFile; fileRef = 20D99DE220E4BC8400F06BFE /* JYBaseViewController.m */; };
		20D99DEA20E4DA6700F06BFE /* JYNavigationController.m in Sources */ = {isa = PBXBuildFile; fileRef = 20D99DE920E4DA6700F06BFE /* JYNavigationController.m */; };
		20D99DED20E4DBA900F06BFE /* UIBarButtonItem+JYExtension.m in Sources */ = {isa = PBXBuildFile; fileRef = 20D99DEC20E4DBA900F06BFE /* UIBarButtonItem+JYExtension.m */; };
		20D99DF420E4DCCA00F06BFE /* JYBackButton.m in Sources */ = {isa = PBXBuildFile; fileRef = 20D99DF320E4DCCA00F06BFE /* JYBackButton.m */; };
		20D99DF720E4E10800F06BFE /* UIColor+JYExtension.m in Sources */ = {isa = PBXBuildFile; fileRef = 20D99DF620E4E10800F06BFE /* UIColor+JYExtension.m */; };
		20E0783C21145BE8003D011E /* JYTabBarController.m in Sources */ = {isa = PBXBuildFile; fileRef = 20E0783B21145BE8003D011E /* JYTabBarController.m */; };
		20E0783F21145C63003D011E /* JYTabBar.m in Sources */ = {isa = PBXBuildFile; fileRef = 20E0783E21145C63003D011E /* JYTabBar.m */; };
		20E0784E21146374003D011E /* JYConstant.m in Sources */ = {isa = PBXBuildFile; fileRef = 20E0784D21146374003D011E /* JYConstant.m */; };
		20E7CA0421130CFA0085AD75 /* NSObject+JYSafe.m in Sources */ = {isa = PBXBuildFile; fileRef = 20E7CA0321130CFA0085AD75 /* NSObject+JYSafe.m */; };
		20E7CA0721130FE20085AD75 /* JYSafeProtector.m in Sources */ = {isa = PBXBuildFile; fileRef = 20E7CA0621130FE20085AD75 /* JYSafeProtector.m */; };
		77AAA55CED45EC385B87FCBB /* libPods-JYSDKDemo.a in Frameworks */ = {isa = PBXBuildFile; fileRef = E06A23C5A2136C0CFC7F2AF6 /* libPods-JYSDKDemo.a */; };
		9D0E94252091D68A00BF3E43 /* NSString+JYDevice.m in Sources */ = {isa = PBXBuildFile; fileRef = 9D0E94242091D68A00BF3E43 /* NSString+JYDevice.m */; };
		9D0E94282091D84A00BF3E43 /* UIButton+JYOptions.m in Sources */ = {isa = PBXBuildFile; fileRef = 9D0E94272091D84A00BF3E43 /* UIButton+JYOptions.m */; };
		9D0E942B2091D92E00BF3E43 /* UIView+JYRect.m in Sources */ = {isa = PBXBuildFile; fileRef = 9D0E942A2091D92E00BF3E43 /* UIView+JYRect.m */; };
		9D0E942E2091DEDE00BF3E43 /* UIImage+JYExtension.m in Sources */ = {isa = PBXBuildFile; fileRef = 9D0E942D2091DEDE00BF3E43 /* UIImage+JYExtension.m */; };
		9D64665B20901CA3002128F1 /* JYTPShareTool.m in Sources */ = {isa = PBXBuildFile; fileRef = 9D64665A20901CA3002128F1 /* JYTPShareTool.m */; };
		9D64665F20905094002128F1 /* NSDictionary+JYSafe.m in Sources */ = {isa = PBXBuildFile; fileRef = 9D64665E20905094002128F1 /* NSDictionary+JYSafe.m */; };
		9D646662209050E9002128F1 /* NSObject+JYRuntime.m in Sources */ = {isa = PBXBuildFile; fileRef = 9D646661209050E9002128F1 /* NSObject+JYRuntime.m */; };
		9D64666520905143002128F1 /* NSArray+JYSafe.m in Sources */ = {isa = PBXBuildFile; fileRef = 9D64666420905143002128F1 /* NSArray+JYSafe.m */; };
		9D64666820905324002128F1 /* NSString+JYSafe.m in Sources */ = {isa = PBXBuildFile; fileRef = 9D64666720905324002128F1 /* NSString+JYSafe.m */; };
		9D8AC3EA206B9B3A00BD6FB5 /* AppDelegate.m in Sources */ = {isa = PBXBuildFile; fileRef = 9D8AC3E9206B9B3A00BD6FB5 /* AppDelegate.m */; };
		9D8AC3ED206B9B3A00BD6FB5 /* ViewController.m in Sources */ = {isa = PBXBuildFile; fileRef = 9D8AC3EC206B9B3A00BD6FB5 /* ViewController.m */; };
		9D8AC3F2206B9B3A00BD6FB5 /* Assets.xcassets in Resources */ = {isa = PBXBuildFile; fileRef = 9D8AC3F1206B9B3A00BD6FB5 /* Assets.xcassets */; };
		9D8AC3F5206B9B3A00BD6FB5 /* LaunchScreen.storyboard in Resources */ = {isa = PBXBuildFile; fileRef = 9D8AC3F3206B9B3A00BD6FB5 /* LaunchScreen.storyboard */; };
		9D8AC3F8206B9B3A00BD6FB5 /* main.m in Sources */ = {isa = PBXBuildFile; fileRef = 9D8AC3F7206B9B3A00BD6FB5 /* main.m */; };
		9D8AC402206B9B3A00BD6FB5 /* JYSDKDemoTests.m in Sources */ = {isa = PBXBuildFile; fileRef = 9D8AC401206B9B3A00BD6FB5 /* JYSDKDemoTests.m */; };
		9D8AC40D206B9B3A00BD6FB5 /* JYSDKDemoUITests.m in Sources */ = {isa = PBXBuildFile; fileRef = 9D8AC40C206B9B3A00BD6FB5 /* JYSDKDemoUITests.m */; };
		9DDD1DD9206C9A7200D35594 /* JYTPUserInfo.m in Sources */ = {isa = PBXBuildFile; fileRef = 9DDD1DD8206C9A7200D35594 /* JYTPUserInfo.m */; };
		9DDD1DDE206CD2AF00D35594 /* AlipaySDK.bundle in Resources */ = {isa = PBXBuildFile; fileRef = 9DDD1DDC206CD2AF00D35594 /* AlipaySDK.bundle */; };
		9DDD1DF2206CEE9A00D35594 /* JYTPHelper.m in Sources */ = {isa = PBXBuildFile; fileRef = 9DDD1DF1206CEE9A00D35594 /* JYTPHelper.m */; };
/* End PBXBuildFile section */

/* Begin PBXContainerItemProxy section */
		9D8AC3FE206B9B3A00BD6FB5 /* PBXContainerItemProxy */ = {
			isa = PBXContainerItemProxy;
			containerPortal = 9D8AC3DD206B9B3900BD6FB5 /* Project object */;
			proxyType = 1;
			remoteGlobalIDString = 9D8AC3E4206B9B3A00BD6FB5;
			remoteInfo = JYSDKDemo;
		};
		9D8AC409206B9B3A00BD6FB5 /* PBXContainerItemProxy */ = {
			isa = PBXContainerItemProxy;
			containerPortal = 9D8AC3DD206B9B3900BD6FB5 /* Project object */;
			proxyType = 1;
			remoteGlobalIDString = 9D8AC3E4206B9B3A00BD6FB5;
			remoteInfo = JYSDKDemo;
		};
/* End PBXContainerItemProxy section */

/* Begin PBXFileReference section */
		2003C95925AD54EE00A1627F /* JYTestTableViewCell.h */ = {isa = PBXFileReference; lastKnownFileType = sourcecode.c.h; path = JYTestTableViewCell.h; sourceTree = "<group>"; };
		2003C95A25AD54EE00A1627F /* JYTestTableViewCell.m */ = {isa = PBXFileReference; lastKnownFileType = sourcecode.c.objc; path = JYTestTableViewCell.m; sourceTree = "<group>"; };
		20057A62259082CA00737CB2 /* UIControl+ClickInterval.h */ = {isa = PBXFileReference; lastKnownFileType = sourcecode.c.h; path = "UIControl+ClickInterval.h"; sourceTree = "<group>"; };
		20057A63259082CA00737CB2 /* UIControl+ClickInterval.m */ = {isa = PBXFileReference; lastKnownFileType = sourcecode.c.objc; path = "UIControl+ClickInterval.m"; sourceTree = "<group>"; };
		2018C50B25B814CF00C6806E /* apple-app-site-association */ = {isa = PBXFileReference; lastKnownFileType = text; path = "apple-app-site-association"; sourceTree = "<group>"; };
		20408EF7258CE28B00CEEDBC /* UITextView+JYPlaceholder.h */ = {isa = PBXFileReference; lastKnownFileType = sourcecode.c.h; path = "UITextView+JYPlaceholder.h"; sourceTree = "<group>"; };
		20408EF8258CE28B00CEEDBC /* UITextView+JYPlaceholder.m */ = {isa = PBXFileReference; lastKnownFileType = sourcecode.c.objc; path = "UITextView+JYPlaceholder.m"; sourceTree = "<group>"; };
		204E63FB2264351600F29622 /* JYSegmentView.h */ = {isa = PBXFileReference; lastKnownFileType = sourcecode.c.h; path = JYSegmentView.h; sourceTree = "<group>"; };
		204E63FC2264351600F29622 /* JYSegmentView.m */ = {isa = PBXFileReference; lastKnownFileType = sourcecode.c.objc; path = JYSegmentView.m; sourceTree = "<group>"; };
		204E64022266FAE300F29622 /* JYPageViewController.h */ = {isa = PBXFileReference; lastKnownFileType = sourcecode.c.h; path = JYPageViewController.h; sourceTree = "<group>"; };
		204E64032266FAE300F29622 /* JYPageViewController.m */ = {isa = PBXFileReference; lastKnownFileType = sourcecode.c.objc; path = JYPageViewController.m; sourceTree = "<group>"; };
		2054C94326BACE9A00063150 /* Codelump.h */ = {isa = PBXFileReference; lastKnownFileType = sourcecode.c.h; path = Codelump.h; sourceTree = "<group>"; };
		2054C94526BAF0F600063150 /* UICollectionView+EmptyView.m */ = {isa = PBXFileReference; fileEncoding = 4; lastKnownFileType = sourcecode.c.objc; path = "UICollectionView+EmptyView.m"; sourceTree = "<group>"; };
		2054C94626BAF0F600063150 /* UITableView+EmptyView.h */ = {isa = PBXFileReference; fileEncoding = 4; lastKnownFileType = sourcecode.c.h; path = "UITableView+EmptyView.h"; sourceTree = "<group>"; };
		2054C94726BAF0F600063150 /* CPEmptyView.m */ = {isa = PBXFileReference; fileEncoding = 4; lastKnownFileType = sourcecode.c.objc; path = CPEmptyView.m; sourceTree = "<group>"; };
		2054C94826BAF0F600063150 /* UITableView+EmptyView.m */ = {isa = PBXFileReference; fileEncoding = 4; lastKnownFileType = sourcecode.c.objc; path = "UITableView+EmptyView.m"; sourceTree = "<group>"; };
		2054C94926BAF0F600063150 /* UICollectionView+EmptyView.h */ = {isa = PBXFileReference; fileEncoding = 4; lastKnownFileType = sourcecode.c.h; path = "UICollectionView+EmptyView.h"; sourceTree = "<group>"; };
		2054C94A26BAF0F600063150 /* CPEmptyView.h */ = {isa = PBXFileReference; fileEncoding = 4; lastKnownFileType = sourcecode.c.h; path = CPEmptyView.h; sourceTree = "<group>"; };
		2054C94E26BAF2C800063150 /* FBKVOController+JYExtension.m */ = {isa = PBXFileReference; fileEncoding = 4; lastKnownFileType = sourcecode.c.objc; path = "FBKVOController+JYExtension.m"; sourceTree = "<group>"; };
		2054C94F26BAF2C800063150 /* FBKVOController+JYExtension.h */ = {isa = PBXFileReference; fileEncoding = 4; lastKnownFileType = sourcecode.c.h; path = "FBKVOController+JYExtension.h"; sourceTree = "<group>"; };
		2054C95126BAF37D00063150 /* UIViewController+SHPhoto.h */ = {isa = PBXFileReference; fileEncoding = 4; lastKnownFileType = sourcecode.c.h; path = "UIViewController+SHPhoto.h"; sourceTree = "<group>"; };
		2054C95226BAF37D00063150 /* UIViewController+CPPush.h */ = {isa = PBXFileReference; fileEncoding = 4; lastKnownFileType = sourcecode.c.h; path = "UIViewController+CPPush.h"; sourceTree = "<group>"; };
		2054C95326BAF37D00063150 /* UIViewController+SHPhoto.m */ = {isa = PBXFileReference; fileEncoding = 4; lastKnownFileType = sourcecode.c.objc; path = "UIViewController+SHPhoto.m"; sourceTree = "<group>"; };
		2054C95426BAF37D00063150 /* UIViewController+CPPush.m */ = {isa = PBXFileReference; fileEncoding = 4; lastKnownFileType = sourcecode.c.objc; path = "UIViewController+CPPush.m"; sourceTree = "<group>"; };
		2054C95826BAF65500063150 /* JYNetworkingManager.h */ = {isa = PBXFileReference; fileEncoding = 4; lastKnownFileType = sourcecode.c.h; path = JYNetworkingManager.h; sourceTree = "<group>"; };
		2054C95926BAF65500063150 /* JYHttpResponse.m */ = {isa = PBXFileReference; fileEncoding = 4; lastKnownFileType = sourcecode.c.objc; path = JYHttpResponse.m; sourceTree = "<group>"; };
		2054C95A26BAF65500063150 /* JYNetworkingManager.m */ = {isa = PBXFileReference; fileEncoding = 4; lastKnownFileType = sourcecode.c.objc; path = JYNetworkingManager.m; sourceTree = "<group>"; };
		2054C95B26BAF65500063150 /* JYHttpResponse.h */ = {isa = PBXFileReference; fileEncoding = 4; lastKnownFileType = sourcecode.c.h; path = JYHttpResponse.h; sourceTree = "<group>"; };
		2054C95C26BAF65500063150 /* JYHTTPServiceConnstent.h */ = {isa = PBXFileReference; fileEncoding = 4; lastKnownFileType = sourcecode.c.h; path = JYHTTPServiceConnstent.h; sourceTree = "<group>"; };
		2054C96026BC2B4800063150 /* UIView+HUD.m */ = {isa = PBXFileReference; fileEncoding = 4; lastKnownFileType = sourcecode.c.objc; path = "UIView+HUD.m"; sourceTree = "<group>"; };
		2054C96126BC2B4800063150 /* UIView+HUD.h */ = {isa = PBXFileReference; fileEncoding = 4; lastKnownFileType = sourcecode.c.h; path = "UIView+HUD.h"; sourceTree = "<group>"; };
		2054C96426BD826F00063150 /* CPRefreshNormalHeader.m */ = {isa = PBXFileReference; fileEncoding = 4; lastKnownFileType = sourcecode.c.objc; path = CPRefreshNormalHeader.m; sourceTree = "<group>"; };
		2054C96526BD826F00063150 /* CPRefreshAutoNormalFooter.h */ = {isa = PBXFileReference; fileEncoding = 4; lastKnownFileType = sourcecode.c.h; path = CPRefreshAutoNormalFooter.h; sourceTree = "<group>"; };
		2054C96626BD826F00063150 /* CPRefreshNormalHeader.h */ = {isa = PBXFileReference; fileEncoding = 4; lastKnownFileType = sourcecode.c.h; path = CPRefreshNormalHeader.h; sourceTree = "<group>"; };
		2054C96726BD826F00063150 /* CPRefreshAutoNormalFooter.m */ = {isa = PBXFileReference; fileEncoding = 4; lastKnownFileType = sourcecode.c.objc; path = CPRefreshAutoNormalFooter.m; sourceTree = "<group>"; };
		2054C96B26BD836500063150 /* TagListView.h */ = {isa = PBXFileReference; fileEncoding = 4; lastKnownFileType = sourcecode.c.h; path = TagListView.h; sourceTree = "<group>"; };
		2054C96C26BD836500063150 /* TagView.m */ = {isa = PBXFileReference; fileEncoding = 4; lastKnownFileType = sourcecode.c.objc; path = TagView.m; sourceTree = "<group>"; };
		2054C96D26BD836500063150 /* TagListView.m */ = {isa = PBXFileReference; fileEncoding = 4; lastKnownFileType = sourcecode.c.objc; path = TagListView.m; sourceTree = "<group>"; };
		2054C96E26BD836500063150 /* TagView.h */ = {isa = PBXFileReference; fileEncoding = 4; lastKnownFileType = sourcecode.c.h; path = TagView.h; sourceTree = "<group>"; };
		2054C97126BD838D00063150 /* OUTagListView.h */ = {isa = PBXFileReference; fileEncoding = 4; lastKnownFileType = sourcecode.c.h; path = OUTagListView.h; sourceTree = "<group>"; };
		2054C97226BD838D00063150 /* OUTagListView.m */ = {isa = PBXFileReference; fileEncoding = 4; lastKnownFileType = sourcecode.c.objc; path = OUTagListView.m; sourceTree = "<group>"; };
		2054C97626BD843900063150 /* BRResultModel.m */ = {isa = PBXFileReference; fileEncoding = 4; lastKnownFileType = sourcecode.c.objc; path = BRResultModel.m; sourceTree = "<group>"; };
		2054C97726BD843900063150 /* BRStringPickerView.h */ = {isa = PBXFileReference; fileEncoding = 4; lastKnownFileType = sourcecode.c.h; path = BRStringPickerView.h; sourceTree = "<group>"; };
		2054C97826BD843900063150 /* BRResultModel.h */ = {isa = PBXFileReference; fileEncoding = 4; lastKnownFileType = sourcecode.c.h; path = BRResultModel.h; sourceTree = "<group>"; };
		2054C97926BD843900063150 /* BRStringPickerView.m */ = {isa = PBXFileReference; fileEncoding = 4; lastKnownFileType = sourcecode.c.objc; path = BRStringPickerView.m; sourceTree = "<group>"; };
		2054C97A26BD843900063150 /* BRPickerView.h */ = {isa = PBXFileReference; fileEncoding = 4; lastKnownFileType = sourcecode.c.h; path = BRPickerView.h; sourceTree = "<group>"; };
		2054C97C26BD843900063150 /* BRDatePickerView.h */ = {isa = PBXFileReference; fileEncoding = 4; lastKnownFileType = sourcecode.c.h; path = BRDatePickerView.h; sourceTree = "<group>"; };
		2054C97D26BD843900063150 /* NSDate+BRPickerView.m */ = {isa = PBXFileReference; fileEncoding = 4; lastKnownFileType = sourcecode.c.objc; path = "NSDate+BRPickerView.m"; sourceTree = "<group>"; };
		2054C97E26BD843900063150 /* BRDatePickerView.m */ = {isa = PBXFileReference; fileEncoding = 4; lastKnownFileType = sourcecode.c.objc; path = BRDatePickerView.m; sourceTree = "<group>"; };
		2054C97F26BD843900063150 /* NSDate+BRPickerView.h */ = {isa = PBXFileReference; fileEncoding = 4; lastKnownFileType = sourcecode.c.h; path = "NSDate+BRPickerView.h"; sourceTree = "<group>"; };
		2054C98126BD843900063150 /* NSBundle+BRPickerView.h */ = {isa = PBXFileReference; fileEncoding = 4; lastKnownFileType = sourcecode.c.h; path = "NSBundle+BRPickerView.h"; sourceTree = "<group>"; };
		2054C98226BD843900063150 /* BRPickerViewMacro.h */ = {isa = PBXFileReference; fileEncoding = 4; lastKnownFileType = sourcecode.c.h; path = BRPickerViewMacro.h; sourceTree = "<group>"; };
		2054C98326BD843900063150 /* BRPickerView.bundle */ = {isa = PBXFileReference; lastKnownFileType = "wrapper.plug-in"; path = BRPickerView.bundle; sourceTree = "<group>"; };
		2054C98426BD843900063150 /* BRPickerStyle.m */ = {isa = PBXFileReference; fileEncoding = 4; lastKnownFileType = sourcecode.c.objc; path = BRPickerStyle.m; sourceTree = "<group>"; };
		2054C98526BD843900063150 /* BRBaseView.m */ = {isa = PBXFileReference; fileEncoding = 4; lastKnownFileType = sourcecode.c.objc; path = BRBaseView.m; sourceTree = "<group>"; };
		2054C98626BD843900063150 /* NSBundle+BRPickerView.m */ = {isa = PBXFileReference; fileEncoding = 4; lastKnownFileType = sourcecode.c.objc; path = "NSBundle+BRPickerView.m"; sourceTree = "<group>"; };
		2054C98726BD843900063150 /* BRBaseView.h */ = {isa = PBXFileReference; fileEncoding = 4; lastKnownFileType = sourcecode.c.h; path = BRBaseView.h; sourceTree = "<group>"; };
		2054C98826BD843900063150 /* BRPickerStyle.h */ = {isa = PBXFileReference; fileEncoding = 4; lastKnownFileType = sourcecode.c.h; path = BRPickerStyle.h; sourceTree = "<group>"; };
		2054C98A26BD843900063150 /* BRAddressModel.m */ = {isa = PBXFileReference; fileEncoding = 4; lastKnownFileType = sourcecode.c.objc; path = BRAddressModel.m; sourceTree = "<group>"; };
		2054C98B26BD843900063150 /* BRAddressPickerView.h */ = {isa = PBXFileReference; fileEncoding = 4; lastKnownFileType = sourcecode.c.h; path = BRAddressPickerView.h; sourceTree = "<group>"; };
		2054C98C26BD843900063150 /* BRAddressModel.h */ = {isa = PBXFileReference; fileEncoding = 4; lastKnownFileType = sourcecode.c.h; path = BRAddressModel.h; sourceTree = "<group>"; };
		2054C98D26BD843900063150 /* BRAddressPickerView.m */ = {isa = PBXFileReference; fileEncoding = 4; lastKnownFileType = sourcecode.c.objc; path = BRAddressPickerView.m; sourceTree = "<group>"; };
		2075334E258660C800A5E607 /* JYBaseAlertView.h */ = {isa = PBXFileReference; lastKnownFileType = sourcecode.c.h; path = JYBaseAlertView.h; sourceTree = "<group>"; };
		2075334F258660C800A5E607 /* JYBaseAlertView.m */ = {isa = PBXFileReference; lastKnownFileType = sourcecode.c.objc; path = JYBaseAlertView.m; sourceTree = "<group>"; };
		20753354258661E800A5E607 /* JYAlertSheet.h */ = {isa = PBXFileReference; lastKnownFileType = sourcecode.c.h; path = JYAlertSheet.h; sourceTree = "<group>"; };
		20753355258661E800A5E607 /* JYAlertSheet.m */ = {isa = PBXFileReference; lastKnownFileType = sourcecode.c.objc; path = JYAlertSheet.m; sourceTree = "<group>"; };
		2075335A2586642200A5E607 /* JYTableViewCell.h */ = {isa = PBXFileReference; lastKnownFileType = sourcecode.c.h; path = JYTableViewCell.h; sourceTree = "<group>"; };
		2075335B2586642200A5E607 /* JYTableViewCell.m */ = {isa = PBXFileReference; lastKnownFileType = sourcecode.c.objc; path = JYTableViewCell.m; sourceTree = "<group>"; };
		2075336C2586668500A5E607 /* UILabel+JYCategory.h */ = {isa = PBXFileReference; lastKnownFileType = sourcecode.c.h; path = "UILabel+JYCategory.h"; sourceTree = "<group>"; };
		2075336D2586668500A5E607 /* UILabel+JYCategory.m */ = {isa = PBXFileReference; lastKnownFileType = sourcecode.c.objc; path = "UILabel+JYCategory.m"; sourceTree = "<group>"; };
		207533752586674C00A5E607 /* UIView+JYBageView.h */ = {isa = PBXFileReference; fileEncoding = 4; lastKnownFileType = sourcecode.c.h; path = "UIView+JYBageView.h"; sourceTree = "<group>"; };
		207533762586674D00A5E607 /* UIView+JYBageView.m */ = {isa = PBXFileReference; fileEncoding = 4; lastKnownFileType = sourcecode.c.objc; path = "UIView+JYBageView.m"; sourceTree = "<group>"; };
		2075337B2586687C00A5E607 /* JYScanNative.h */ = {isa = PBXFileReference; fileEncoding = 4; lastKnownFileType = sourcecode.c.h; path = JYScanNative.h; sourceTree = "<group>"; };
		2075337C2586687D00A5E607 /* JYScanNative.m */ = {isa = PBXFileReference; fileEncoding = 4; lastKnownFileType = sourcecode.c.objc; path = JYScanNative.m; sourceTree = "<group>"; };
		20753385258A615500A5E607 /* UIView+Snapshot.m */ = {isa = PBXFileReference; fileEncoding = 4; lastKnownFileType = sourcecode.c.objc; path = "UIView+Snapshot.m"; sourceTree = "<group>"; };
		20753386258A615500A5E607 /* UIViewController+PureTransition.h */ = {isa = PBXFileReference; fileEncoding = 4; lastKnownFileType = sourcecode.c.h; path = "UIViewController+PureTransition.h"; sourceTree = "<group>"; };
		20753387258A615500A5E607 /* UIView+Snapshot.h */ = {isa = PBXFileReference; fileEncoding = 4; lastKnownFileType = sourcecode.c.h; path = "UIView+Snapshot.h"; sourceTree = "<group>"; };
		20753388258A615500A5E607 /* UIViewController+PureTransition.m */ = {isa = PBXFileReference; fileEncoding = 4; lastKnownFileType = sourcecode.c.objc; path = "UIViewController+PureTransition.m"; sourceTree = "<group>"; };
		2075338A258A615500A5E607 /* YRNavigationBarPure.h */ = {isa = PBXFileReference; fileEncoding = 4; lastKnownFileType = sourcecode.c.h; path = YRNavigationBarPure.h; sourceTree = "<group>"; };
		207533A4258F3D9100A5E607 /* JYTestViewController.h */ = {isa = PBXFileReference; lastKnownFileType = sourcecode.c.h; path = JYTestViewController.h; sourceTree = "<group>"; };
		207533A5258F3D9100A5E607 /* JYTestViewController.m */ = {isa = PBXFileReference; lastKnownFileType = sourcecode.c.objc; path = JYTestViewController.m; sourceTree = "<group>"; };
		207533B1258F474700A5E607 /* JYBaseViewModel.h */ = {isa = PBXFileReference; lastKnownFileType = sourcecode.c.h; path = JYBaseViewModel.h; sourceTree = "<group>"; };
		207533B2258F474700A5E607 /* JYBaseViewModel.m */ = {isa = PBXFileReference; lastKnownFileType = sourcecode.c.objc; path = JYBaseViewModel.m; sourceTree = "<group>"; };
		207533BA258F484200A5E607 /* JYCollectionViewCell.h */ = {isa = PBXFileReference; lastKnownFileType = sourcecode.c.h; path = JYCollectionViewCell.h; sourceTree = "<group>"; };
		207533BB258F484200A5E607 /* JYCollectionViewCell.m */ = {isa = PBXFileReference; lastKnownFileType = sourcecode.c.objc; path = JYCollectionViewCell.m; sourceTree = "<group>"; };
		207533C3258F4A8C00A5E607 /* JYStackViewController.h */ = {isa = PBXFileReference; lastKnownFileType = sourcecode.c.h; path = JYStackViewController.h; sourceTree = "<group>"; };
		207533C4258F4A8C00A5E607 /* JYStackViewController.m */ = {isa = PBXFileReference; lastKnownFileType = sourcecode.c.objc; path = JYStackViewController.m; sourceTree = "<group>"; };
		2079991F20E9CB7800C34D9A /* UITextField+JYExtension.h */ = {isa = PBXFileReference; lastKnownFileType = sourcecode.c.h; path = "UITextField+JYExtension.h"; sourceTree = "<group>"; };
		2079992020E9CB7800C34D9A /* UITextField+JYExtension.m */ = {isa = PBXFileReference; lastKnownFileType = sourcecode.c.objc; path = "UITextField+JYExtension.m"; sourceTree = "<group>"; };
		2079992220E9CC9200C34D9A /* NSString+JYExtension.h */ = {isa = PBXFileReference; lastKnownFileType = sourcecode.c.h; path = "NSString+JYExtension.h"; sourceTree = "<group>"; };
		2079992320E9CC9200C34D9A /* NSString+JYExtension.m */ = {isa = PBXFileReference; lastKnownFileType = sourcecode.c.objc; path = "NSString+JYExtension.m"; sourceTree = "<group>"; };
		2079992520E9CE5700C34D9A /* UITabBar+JYBage.h */ = {isa = PBXFileReference; lastKnownFileType = sourcecode.c.h; path = "UITabBar+JYBage.h"; sourceTree = "<group>"; };
		2079992620E9CE5700C34D9A /* UITabBar+JYBage.m */ = {isa = PBXFileReference; lastKnownFileType = sourcecode.c.objc; path = "UITabBar+JYBage.m"; sourceTree = "<group>"; };
		2079992820E9DB3C00C34D9A /* UITableView+JYExtension.h */ = {isa = PBXFileReference; lastKnownFileType = sourcecode.c.h; path = "UITableView+JYExtension.h"; sourceTree = "<group>"; };
		2079992920E9DB3C00C34D9A /* UITableView+JYExtension.m */ = {isa = PBXFileReference; lastKnownFileType = sourcecode.c.objc; path = "UITableView+JYExtension.m"; sourceTree = "<group>"; };
		2079992B20E9F89900C34D9A /* NSString+JYValid.h */ = {isa = PBXFileReference; lastKnownFileType = sourcecode.c.h; path = "NSString+JYValid.h"; sourceTree = "<group>"; };
		2079992C20E9F89900C34D9A /* NSString+JYValid.m */ = {isa = PBXFileReference; lastKnownFileType = sourcecode.c.objc; path = "NSString+JYValid.m"; sourceTree = "<group>"; };
		2079992F20E9FE7E00C34D9A /* JYControllerHelper.h */ = {isa = PBXFileReference; lastKnownFileType = sourcecode.c.h; path = JYControllerHelper.h; sourceTree = "<group>"; };
		2079993020E9FE7E00C34D9A /* JYControllerHelper.m */ = {isa = PBXFileReference; lastKnownFileType = sourcecode.c.objc; path = JYControllerHelper.m; sourceTree = "<group>"; };
		2079993220EA091600C34D9A /* JYLocalNotifationCenter.h */ = {isa = PBXFileReference; lastKnownFileType = sourcecode.c.h; path = JYLocalNotifationCenter.h; sourceTree = "<group>"; };
		2079993320EA091600C34D9A /* JYLocalNotifationCenter.m */ = {isa = PBXFileReference; lastKnownFileType = sourcecode.c.objc; path = JYLocalNotifationCenter.m; sourceTree = "<group>"; };
		2079993520EA0DAF00C34D9A /* NSDate+JYExtension.h */ = {isa = PBXFileReference; lastKnownFileType = sourcecode.c.h; path = "NSDate+JYExtension.h"; sourceTree = "<group>"; };
		2079993620EA0DAF00C34D9A /* NSDate+JYExtension.m */ = {isa = PBXFileReference; lastKnownFileType = sourcecode.c.objc; path = "NSDate+JYExtension.m"; sourceTree = "<group>"; };
		2079993820EA0F3200C34D9A /* NSDateFormatter+JYExtension.h */ = {isa = PBXFileReference; lastKnownFileType = sourcecode.c.h; path = "NSDateFormatter+JYExtension.h"; sourceTree = "<group>"; };
		2079993920EA0F3200C34D9A /* NSDateFormatter+JYExtension.m */ = {isa = PBXFileReference; lastKnownFileType = sourcecode.c.objc; path = "NSDateFormatter+JYExtension.m"; sourceTree = "<group>"; };
		2079993B20EA103600C34D9A /* JYWebImageTool.h */ = {isa = PBXFileReference; lastKnownFileType = sourcecode.c.h; path = JYWebImageTool.h; sourceTree = "<group>"; };
		2079993C20EA103600C34D9A /* JYWebImageTool.m */ = {isa = PBXFileReference; lastKnownFileType = sourcecode.c.objc; path = JYWebImageTool.m; sourceTree = "<group>"; };
		2079993E20EA175A00C34D9A /* UIImageView+JYWebImage.h */ = {isa = PBXFileReference; lastKnownFileType = sourcecode.c.h; path = "UIImageView+JYWebImage.h"; sourceTree = "<group>"; };
		2079993F20EA175A00C34D9A /* UIImageView+JYWebImage.m */ = {isa = PBXFileReference; lastKnownFileType = sourcecode.c.objc; path = "UIImageView+JYWebImage.m"; sourceTree = "<group>"; };
		208CAA1E20E1EAF200374358 /* JYMacros.h */ = {isa = PBXFileReference; lastKnownFileType = sourcecode.c.h; path = JYMacros.h; sourceTree = "<group>"; };
		208CAA1F20E1EFD600374358 /* JYWCHelper.h */ = {isa = PBXFileReference; lastKnownFileType = sourcecode.c.h; path = JYWCHelper.h; sourceTree = "<group>"; };
		208CAA2020E1EFD600374358 /* JYWCHelper.m */ = {isa = PBXFileReference; lastKnownFileType = sourcecode.c.objc; path = JYWCHelper.m; sourceTree = "<group>"; };
		208CAA2220E1F26C00374358 /* JYTPHelperConfig.h */ = {isa = PBXFileReference; lastKnownFileType = sourcecode.c.h; path = JYTPHelperConfig.h; sourceTree = "<group>"; };
		208CAA2320E1F26C00374358 /* JYTPHelperConfig.m */ = {isa = PBXFileReference; lastKnownFileType = sourcecode.c.objc; path = JYTPHelperConfig.m; sourceTree = "<group>"; };
		208CAA2520E21AA900374358 /* JYQQHelper.h */ = {isa = PBXFileReference; lastKnownFileType = sourcecode.c.h; path = JYQQHelper.h; sourceTree = "<group>"; };
		208CAA2620E21AA900374358 /* JYQQHelper.m */ = {isa = PBXFileReference; lastKnownFileType = sourcecode.c.objc; path = JYQQHelper.m; sourceTree = "<group>"; };
		208CAA2B20E22F7500374358 /* JYWBHelper.m */ = {isa = PBXFileReference; fileEncoding = 4; lastKnownFileType = sourcecode.c.objc; path = JYWBHelper.m; sourceTree = "<group>"; };
		208CAA2C20E22F7500374358 /* JYWBHelper.h */ = {isa = PBXFileReference; fileEncoding = 4; lastKnownFileType = sourcecode.c.h; path = JYWBHelper.h; sourceTree = "<group>"; };
		208CAA2E20E2308E00374358 /* JYAliPayHelper.h */ = {isa = PBXFileReference; lastKnownFileType = sourcecode.c.h; path = JYAliPayHelper.h; sourceTree = "<group>"; };
		208CAA2F20E2308E00374358 /* JYAliPayHelper.m */ = {isa = PBXFileReference; lastKnownFileType = sourcecode.c.objc; path = JYAliPayHelper.m; sourceTree = "<group>"; };
		208CAA3620E23B3800374358 /* SystemConfiguration.framework */ = {isa = PBXFileReference; lastKnownFileType = wrapper.framework; name = SystemConfiguration.framework; path = System/Library/Frameworks/SystemConfiguration.framework; sourceTree = SDKROOT; };
		208CAA3820E23E1900374358 /* libc++.tbd */ = {isa = PBXFileReference; lastKnownFileType = "sourcecode.text-based-dylib-definition"; name = "libc++.tbd"; path = "usr/lib/libc++.tbd"; sourceTree = SDKROOT; };
		208CAA3A20E23E2000374358 /* libz.tbd */ = {isa = PBXFileReference; lastKnownFileType = "sourcecode.text-based-dylib-definition"; name = libz.tbd; path = usr/lib/libz.tbd; sourceTree = SDKROOT; };
		208CAA3C20E23E2D00374358 /* CoreTelephony.framework */ = {isa = PBXFileReference; lastKnownFileType = wrapper.framework; name = CoreTelephony.framework; path = System/Library/Frameworks/CoreTelephony.framework; sourceTree = SDKROOT; };
		208CAA3E20E23E3B00374358 /* QuartzCore.framework */ = {isa = PBXFileReference; lastKnownFileType = wrapper.framework; name = QuartzCore.framework; path = System/Library/Frameworks/QuartzCore.framework; sourceTree = SDKROOT; };
		208CAA4020E23E4300374358 /* CoreText.framework */ = {isa = PBXFileReference; lastKnownFileType = wrapper.framework; name = CoreText.framework; path = System/Library/Frameworks/CoreText.framework; sourceTree = SDKROOT; };
		208CAA4220E23E4B00374358 /* CoreGraphics.framework */ = {isa = PBXFileReference; lastKnownFileType = wrapper.framework; name = CoreGraphics.framework; path = System/Library/Frameworks/CoreGraphics.framework; sourceTree = SDKROOT; };
		208CAA4420E23E5300374358 /* UIKit.framework */ = {isa = PBXFileReference; lastKnownFileType = wrapper.framework; name = UIKit.framework; path = System/Library/Frameworks/UIKit.framework; sourceTree = SDKROOT; };
		208CAA4620E23E5E00374358 /* Foundation.framework */ = {isa = PBXFileReference; lastKnownFileType = wrapper.framework; name = Foundation.framework; path = System/Library/Frameworks/Foundation.framework; sourceTree = SDKROOT; };
		208CAA4820E23E6700374358 /* CFNetwork.framework */ = {isa = PBXFileReference; lastKnownFileType = wrapper.framework; name = CFNetwork.framework; path = System/Library/Frameworks/CFNetwork.framework; sourceTree = SDKROOT; };
		208CAA4A20E23E7000374358 /* CoreMotion.framework */ = {isa = PBXFileReference; lastKnownFileType = wrapper.framework; name = CoreMotion.framework; path = System/Library/Frameworks/CoreMotion.framework; sourceTree = SDKROOT; };
		20A453452122E68900540EF1 /* JYTableViewController.h */ = {isa = PBXFileReference; lastKnownFileType = sourcecode.c.h; path = JYTableViewController.h; sourceTree = "<group>"; };
		20A453462122E68900540EF1 /* JYTableViewController.m */ = {isa = PBXFileReference; lastKnownFileType = sourcecode.c.objc; path = JYTableViewController.m; sourceTree = "<group>"; };
		20A453482123274000540EF1 /* JYWebViewController.h */ = {isa = PBXFileReference; lastKnownFileType = sourcecode.c.h; path = JYWebViewController.h; sourceTree = "<group>"; };
		20A453492123274000540EF1 /* JYWebViewController.m */ = {isa = PBXFileReference; lastKnownFileType = sourcecode.c.objc; path = JYWebViewController.m; sourceTree = "<group>"; };
		20D39E1920E387320088F4BF /* JYDefaultHelper.h */ = {isa = PBXFileReference; lastKnownFileType = sourcecode.c.h; path = JYDefaultHelper.h; sourceTree = "<group>"; };
		20D39E1A20E387320088F4BF /* JYDefaultHelper.m */ = {isa = PBXFileReference; lastKnownFileType = sourcecode.c.objc; path = JYDefaultHelper.m; sourceTree = "<group>"; };
		20D39E1C20E391F60088F4BF /* UIFont+JYScale.h */ = {isa = PBXFileReference; lastKnownFileType = sourcecode.c.h; path = "UIFont+JYScale.h"; sourceTree = "<group>"; };
		20D39E1D20E391F60088F4BF /* UIFont+JYScale.m */ = {isa = PBXFileReference; lastKnownFileType = sourcecode.c.objc; path = "UIFont+JYScale.m"; sourceTree = "<group>"; };
		20D4AC4D20EC63E2006693CD /* UIImage+JYBlur.h */ = {isa = PBXFileReference; lastKnownFileType = sourcecode.c.h; path = "UIImage+JYBlur.h"; sourceTree = "<group>"; };
		20D4AC4E20EC63E2006693CD /* UIImage+JYBlur.m */ = {isa = PBXFileReference; lastKnownFileType = sourcecode.c.objc; path = "UIImage+JYBlur.m"; sourceTree = "<group>"; };
		20D4AC5020EC69DC006693CD /* UIView+JYExtension.h */ = {isa = PBXFileReference; lastKnownFileType = sourcecode.c.h; path = "UIView+JYExtension.h"; sourceTree = "<group>"; };
		20D4AC5120EC69DC006693CD /* UIView+JYExtension.m */ = {isa = PBXFileReference; lastKnownFileType = sourcecode.c.objc; path = "UIView+JYExtension.m"; sourceTree = "<group>"; };
		20D4AC5320EC6ABF006693CD /* UIFont+JYExtenison.h */ = {isa = PBXFileReference; lastKnownFileType = sourcecode.c.h; path = "UIFont+JYExtenison.h"; sourceTree = "<group>"; };
		20D4AC5420EC6ABF006693CD /* UIFont+JYExtenison.m */ = {isa = PBXFileReference; lastKnownFileType = sourcecode.c.objc; path = "UIFont+JYExtenison.m"; sourceTree = "<group>"; };
		20D4AC5720EC7E0C006693CD /* JYEmptyDataView.h */ = {isa = PBXFileReference; lastKnownFileType = sourcecode.c.h; path = JYEmptyDataView.h; sourceTree = "<group>"; };
		20D4AC5820EC7E0C006693CD /* JYEmptyDataView.m */ = {isa = PBXFileReference; lastKnownFileType = sourcecode.c.objc; path = JYEmptyDataView.m; sourceTree = "<group>"; };
		20D8A0ED2112A56A009DBE91 /* JYModel.h */ = {isa = PBXFileReference; lastKnownFileType = sourcecode.c.h; path = JYModel.h; sourceTree = "<group>"; };
		20D8A0EE2112A56A009DBE91 /* JYModel.m */ = {isa = PBXFileReference; lastKnownFileType = sourcecode.c.objc; path = JYModel.m; sourceTree = "<group>"; };
		20D99DE120E4BC8400F06BFE /* JYBaseViewController.h */ = {isa = PBXFileReference; lastKnownFileType = sourcecode.c.h; path = JYBaseViewController.h; sourceTree = "<group>"; };
		20D99DE220E4BC8400F06BFE /* JYBaseViewController.m */ = {isa = PBXFileReference; lastKnownFileType = sourcecode.c.objc; path = JYBaseViewController.m; sourceTree = "<group>"; };
		20D99DE720E4D58700F06BFE /* PrefixHeader.pch */ = {isa = PBXFileReference; lastKnownFileType = sourcecode.c.h; path = PrefixHeader.pch; sourceTree = "<group>"; };
		20D99DE820E4DA6700F06BFE /* JYNavigationController.h */ = {isa = PBXFileReference; lastKnownFileType = sourcecode.c.h; path = JYNavigationController.h; sourceTree = "<group>"; };
		20D99DE920E4DA6700F06BFE /* JYNavigationController.m */ = {isa = PBXFileReference; lastKnownFileType = sourcecode.c.objc; path = JYNavigationController.m; sourceTree = "<group>"; };
		20D99DEB20E4DBA900F06BFE /* UIBarButtonItem+JYExtension.h */ = {isa = PBXFileReference; lastKnownFileType = sourcecode.c.h; path = "UIBarButtonItem+JYExtension.h"; sourceTree = "<group>"; };
		20D99DEC20E4DBA900F06BFE /* UIBarButtonItem+JYExtension.m */ = {isa = PBXFileReference; lastKnownFileType = sourcecode.c.objc; path = "UIBarButtonItem+JYExtension.m"; sourceTree = "<group>"; };
		20D99DF220E4DCCA00F06BFE /* JYBackButton.h */ = {isa = PBXFileReference; lastKnownFileType = sourcecode.c.h; path = JYBackButton.h; sourceTree = "<group>"; };
		20D99DF320E4DCCA00F06BFE /* JYBackButton.m */ = {isa = PBXFileReference; lastKnownFileType = sourcecode.c.objc; path = JYBackButton.m; sourceTree = "<group>"; };
		20D99DF520E4E10800F06BFE /* UIColor+JYExtension.h */ = {isa = PBXFileReference; lastKnownFileType = sourcecode.c.h; path = "UIColor+JYExtension.h"; sourceTree = "<group>"; };
		20D99DF620E4E10800F06BFE /* UIColor+JYExtension.m */ = {isa = PBXFileReference; lastKnownFileType = sourcecode.c.objc; path = "UIColor+JYExtension.m"; sourceTree = "<group>"; };
		20E0783A21145BE8003D011E /* JYTabBarController.h */ = {isa = PBXFileReference; lastKnownFileType = sourcecode.c.h; path = JYTabBarController.h; sourceTree = "<group>"; };
		20E0783B21145BE8003D011E /* JYTabBarController.m */ = {isa = PBXFileReference; lastKnownFileType = sourcecode.c.objc; path = JYTabBarController.m; sourceTree = "<group>"; };
		20E0783D21145C63003D011E /* JYTabBar.h */ = {isa = PBXFileReference; lastKnownFileType = sourcecode.c.h; path = JYTabBar.h; sourceTree = "<group>"; };
		20E0783E21145C63003D011E /* JYTabBar.m */ = {isa = PBXFileReference; lastKnownFileType = sourcecode.c.objc; path = JYTabBar.m; sourceTree = "<group>"; };
		20E0784C21146374003D011E /* JYConstant.h */ = {isa = PBXFileReference; lastKnownFileType = sourcecode.c.h; path = JYConstant.h; sourceTree = "<group>"; };
		20E0784D21146374003D011E /* JYConstant.m */ = {isa = PBXFileReference; lastKnownFileType = sourcecode.c.objc; path = JYConstant.m; sourceTree = "<group>"; };
		20E7CA0221130CFA0085AD75 /* NSObject+JYSafe.h */ = {isa = PBXFileReference; lastKnownFileType = sourcecode.c.h; path = "NSObject+JYSafe.h"; sourceTree = "<group>"; };
		20E7CA0321130CFA0085AD75 /* NSObject+JYSafe.m */ = {isa = PBXFileReference; lastKnownFileType = sourcecode.c.objc; path = "NSObject+JYSafe.m"; sourceTree = "<group>"; };
		20E7CA0521130FE20085AD75 /* JYSafeProtector.h */ = {isa = PBXFileReference; lastKnownFileType = sourcecode.c.h; path = JYSafeProtector.h; sourceTree = "<group>"; };
		20E7CA0621130FE20085AD75 /* JYSafeProtector.m */ = {isa = PBXFileReference; lastKnownFileType = sourcecode.c.objc; path = JYSafeProtector.m; sourceTree = "<group>"; };
		6C26A93908412CE85C5489E6 /* Pods-JYSDKDemo.release.xcconfig */ = {isa = PBXFileReference; includeInIndex = 1; lastKnownFileType = text.xcconfig; name = "Pods-JYSDKDemo.release.xcconfig"; path = "Pods/Target Support Files/Pods-JYSDKDemo/Pods-JYSDKDemo.release.xcconfig"; sourceTree = "<group>"; };
		9D0E94232091D68A00BF3E43 /* NSString+JYDevice.h */ = {isa = PBXFileReference; lastKnownFileType = sourcecode.c.h; path = "NSString+JYDevice.h"; sourceTree = "<group>"; };
		9D0E94242091D68A00BF3E43 /* NSString+JYDevice.m */ = {isa = PBXFileReference; lastKnownFileType = sourcecode.c.objc; path = "NSString+JYDevice.m"; sourceTree = "<group>"; };
		9D0E94262091D84A00BF3E43 /* UIButton+JYOptions.h */ = {isa = PBXFileReference; lastKnownFileType = sourcecode.c.h; path = "UIButton+JYOptions.h"; sourceTree = "<group>"; };
		9D0E94272091D84A00BF3E43 /* UIButton+JYOptions.m */ = {isa = PBXFileReference; lastKnownFileType = sourcecode.c.objc; path = "UIButton+JYOptions.m"; sourceTree = "<group>"; };
		9D0E94292091D92E00BF3E43 /* UIView+JYRect.h */ = {isa = PBXFileReference; lastKnownFileType = sourcecode.c.h; path = "UIView+JYRect.h"; sourceTree = "<group>"; };
		9D0E942A2091D92E00BF3E43 /* UIView+JYRect.m */ = {isa = PBXFileReference; lastKnownFileType = sourcecode.c.objc; path = "UIView+JYRect.m"; sourceTree = "<group>"; };
		9D0E942C2091DEDE00BF3E43 /* UIImage+JYExtension.h */ = {isa = PBXFileReference; lastKnownFileType = sourcecode.c.h; path = "UIImage+JYExtension.h"; sourceTree = "<group>"; };
		9D0E942D2091DEDE00BF3E43 /* UIImage+JYExtension.m */ = {isa = PBXFileReference; lastKnownFileType = sourcecode.c.objc; path = "UIImage+JYExtension.m"; sourceTree = "<group>"; };
		9D64665920901CA3002128F1 /* JYTPShareTool.h */ = {isa = PBXFileReference; lastKnownFileType = sourcecode.c.h; path = JYTPShareTool.h; sourceTree = "<group>"; };
		9D64665A20901CA3002128F1 /* JYTPShareTool.m */ = {isa = PBXFileReference; lastKnownFileType = sourcecode.c.objc; path = JYTPShareTool.m; sourceTree = "<group>"; };
		9D64665D20905094002128F1 /* NSDictionary+JYSafe.h */ = {isa = PBXFileReference; lastKnownFileType = sourcecode.c.h; path = "NSDictionary+JYSafe.h"; sourceTree = "<group>"; };
		9D64665E20905094002128F1 /* NSDictionary+JYSafe.m */ = {isa = PBXFileReference; lastKnownFileType = sourcecode.c.objc; path = "NSDictionary+JYSafe.m"; sourceTree = "<group>"; };
		9D646660209050E9002128F1 /* NSObject+JYRuntime.h */ = {isa = PBXFileReference; lastKnownFileType = sourcecode.c.h; path = "NSObject+JYRuntime.h"; sourceTree = "<group>"; };
		9D646661209050E9002128F1 /* NSObject+JYRuntime.m */ = {isa = PBXFileReference; lastKnownFileType = sourcecode.c.objc; path = "NSObject+JYRuntime.m"; sourceTree = "<group>"; };
		9D64666320905143002128F1 /* NSArray+JYSafe.h */ = {isa = PBXFileReference; lastKnownFileType = sourcecode.c.h; path = "NSArray+JYSafe.h"; sourceTree = "<group>"; };
		9D64666420905143002128F1 /* NSArray+JYSafe.m */ = {isa = PBXFileReference; lastKnownFileType = sourcecode.c.objc; path = "NSArray+JYSafe.m"; sourceTree = "<group>"; };
		9D64666620905324002128F1 /* NSString+JYSafe.h */ = {isa = PBXFileReference; lastKnownFileType = sourcecode.c.h; path = "NSString+JYSafe.h"; sourceTree = "<group>"; };
		9D64666720905324002128F1 /* NSString+JYSafe.m */ = {isa = PBXFileReference; lastKnownFileType = sourcecode.c.objc; path = "NSString+JYSafe.m"; sourceTree = "<group>"; };
		9D8AC3E5206B9B3A00BD6FB5 /* JYSDKDemo.app */ = {isa = PBXFileReference; explicitFileType = wrapper.application; includeInIndex = 0; path = JYSDKDemo.app; sourceTree = BUILT_PRODUCTS_DIR; };
		9D8AC3E8206B9B3A00BD6FB5 /* AppDelegate.h */ = {isa = PBXFileReference; lastKnownFileType = sourcecode.c.h; path = AppDelegate.h; sourceTree = "<group>"; };
		9D8AC3E9206B9B3A00BD6FB5 /* AppDelegate.m */ = {isa = PBXFileReference; lastKnownFileType = sourcecode.c.objc; path = AppDelegate.m; sourceTree = "<group>"; };
		9D8AC3EB206B9B3A00BD6FB5 /* ViewController.h */ = {isa = PBXFileReference; lastKnownFileType = sourcecode.c.h; path = ViewController.h; sourceTree = "<group>"; };
		9D8AC3EC206B9B3A00BD6FB5 /* ViewController.m */ = {isa = PBXFileReference; lastKnownFileType = sourcecode.c.objc; path = ViewController.m; sourceTree = "<group>"; };
		9D8AC3F1206B9B3A00BD6FB5 /* Assets.xcassets */ = {isa = PBXFileReference; lastKnownFileType = folder.assetcatalog; path = Assets.xcassets; sourceTree = "<group>"; };
		9D8AC3F4206B9B3A00BD6FB5 /* Base */ = {isa = PBXFileReference; lastKnownFileType = file.storyboard; name = Base; path = Base.lproj/LaunchScreen.storyboard; sourceTree = "<group>"; };
		9D8AC3F6206B9B3A00BD6FB5 /* Info.plist */ = {isa = PBXFileReference; lastKnownFileType = text.plist.xml; path = Info.plist; sourceTree = "<group>"; };
		9D8AC3F7206B9B3A00BD6FB5 /* main.m */ = {isa = PBXFileReference; lastKnownFileType = sourcecode.c.objc; path = main.m; sourceTree = "<group>"; };
		9D8AC3FD206B9B3A00BD6FB5 /* JYSDKDemoTests.xctest */ = {isa = PBXFileReference; explicitFileType = wrapper.cfbundle; includeInIndex = 0; path = JYSDKDemoTests.xctest; sourceTree = BUILT_PRODUCTS_DIR; };
		9D8AC401206B9B3A00BD6FB5 /* JYSDKDemoTests.m */ = {isa = PBXFileReference; lastKnownFileType = sourcecode.c.objc; path = JYSDKDemoTests.m; sourceTree = "<group>"; };
		9D8AC403206B9B3A00BD6FB5 /* Info.plist */ = {isa = PBXFileReference; lastKnownFileType = text.plist.xml; path = Info.plist; sourceTree = "<group>"; };
		9D8AC408206B9B3A00BD6FB5 /* JYSDKDemoUITests.xctest */ = {isa = PBXFileReference; explicitFileType = wrapper.cfbundle; includeInIndex = 0; path = JYSDKDemoUITests.xctest; sourceTree = BUILT_PRODUCTS_DIR; };
		9D8AC40C206B9B3A00BD6FB5 /* JYSDKDemoUITests.m */ = {isa = PBXFileReference; lastKnownFileType = sourcecode.c.objc; path = JYSDKDemoUITests.m; sourceTree = "<group>"; };
		9D8AC40E206B9B3A00BD6FB5 /* Info.plist */ = {isa = PBXFileReference; lastKnownFileType = text.plist.xml; path = Info.plist; sourceTree = "<group>"; };
		9DDD1DD7206C9A7200D35594 /* JYTPUserInfo.h */ = {isa = PBXFileReference; lastKnownFileType = sourcecode.c.h; path = JYTPUserInfo.h; sourceTree = "<group>"; };
		9DDD1DD8206C9A7200D35594 /* JYTPUserInfo.m */ = {isa = PBXFileReference; lastKnownFileType = sourcecode.c.objc; path = JYTPUserInfo.m; sourceTree = "<group>"; };
		9DDD1DDC206CD2AF00D35594 /* AlipaySDK.bundle */ = {isa = PBXFileReference; lastKnownFileType = "wrapper.plug-in"; path = AlipaySDK.bundle; sourceTree = "<group>"; };
		9DDD1DDD206CD2AF00D35594 /* AlipaySDK.framework */ = {isa = PBXFileReference; lastKnownFileType = wrapper.framework; path = AlipaySDK.framework; sourceTree = "<group>"; };
		9DDD1DEE206CD39E00D35594 /* TencentOpenAPI.framework */ = {isa = PBXFileReference; lastKnownFileType = wrapper.framework; path = TencentOpenAPI.framework; sourceTree = "<group>"; };
		9DDD1DF0206CEE9A00D35594 /* JYTPHelper.h */ = {isa = PBXFileReference; lastKnownFileType = sourcecode.c.h; path = JYTPHelper.h; sourceTree = "<group>"; };
		9DDD1DF1206CEE9A00D35594 /* JYTPHelper.m */ = {isa = PBXFileReference; lastKnownFileType = sourcecode.c.objc; path = JYTPHelper.m; sourceTree = "<group>"; };
		E06A23C5A2136C0CFC7F2AF6 /* libPods-JYSDKDemo.a */ = {isa = PBXFileReference; explicitFileType = archive.ar; includeInIndex = 0; path = "libPods-JYSDKDemo.a"; sourceTree = BUILT_PRODUCTS_DIR; };
		F39A851F101716E6EE6D9168 /* Pods-JYSDKDemo.debug.xcconfig */ = {isa = PBXFileReference; includeInIndex = 1; lastKnownFileType = text.xcconfig; name = "Pods-JYSDKDemo.debug.xcconfig"; path = "Pods/Target Support Files/Pods-JYSDKDemo/Pods-JYSDKDemo.debug.xcconfig"; sourceTree = "<group>"; };
/* End PBXFileReference section */

/* Begin PBXFrameworksBuildPhase section */
		9D8AC3E2206B9B3A00BD6FB5 /* Frameworks */ = {
			isa = PBXFrameworksBuildPhase;
			buildActionMask = 2147483647;
			files = (
				208CAA4B20E23E7100374358 /* CoreMotion.framework in Frameworks */,
				208CAA4920E23E6800374358 /* CFNetwork.framework in Frameworks */,
				208CAA4720E23E5E00374358 /* Foundation.framework in Frameworks */,
				208CAA4520E23E5300374358 /* UIKit.framework in Frameworks */,
				208CAA4320E23E4B00374358 /* CoreGraphics.framework in Frameworks */,
				208CAA4120E23E4300374358 /* CoreText.framework in Frameworks */,
				208CAA3F20E23E3B00374358 /* QuartzCore.framework in Frameworks */,
				208CAA3D20E23E2E00374358 /* CoreTelephony.framework in Frameworks */,
				208CAA3B20E23E2100374358 /* libz.tbd in Frameworks */,
				208CAA3920E23E1A00374358 /* libc++.tbd in Frameworks */,
				208CAA3720E23B3900374358 /* SystemConfiguration.framework in Frameworks */,
				208CAA3420E2379700374358 /* TencentOpenAPI.framework in Frameworks */,
				208CAA3220E2378000374358 /* AlipaySDK.framework in Frameworks */,
				77AAA55CED45EC385B87FCBB /* libPods-JYSDKDemo.a in Frameworks */,
			);
			runOnlyForDeploymentPostprocessing = 0;
		};
		9D8AC3FA206B9B3A00BD6FB5 /* Frameworks */ = {
			isa = PBXFrameworksBuildPhase;
			buildActionMask = 2147483647;
			files = (
			);
			runOnlyForDeploymentPostprocessing = 0;
		};
		9D8AC405206B9B3A00BD6FB5 /* Frameworks */ = {
			isa = PBXFrameworksBuildPhase;
			buildActionMask = 2147483647;
			files = (
			);
			runOnlyForDeploymentPostprocessing = 0;
		};
/* End PBXFrameworksBuildPhase section */

/* Begin PBXGroup section */
		204E63FA226434E600F29622 /* JYSegmentView */ = {
			isa = PBXGroup;
			children = (
				204E63FB2264351600F29622 /* JYSegmentView.h */,
				204E63FC2264351600F29622 /* JYSegmentView.m */,
			);
			path = JYSegmentView;
			sourceTree = "<group>";
		};
		204E64012266FAAE00F29622 /* JYPageViewController */ = {
			isa = PBXGroup;
			children = (
				204E64022266FAE300F29622 /* JYPageViewController.h */,
				204E64032266FAE300F29622 /* JYPageViewController.m */,
			);
			path = JYPageViewController;
			sourceTree = "<group>";
		};
		2054C94426BAF0F600063150 /* CPEmptyView */ = {
			isa = PBXGroup;
			children = (
				2054C94A26BAF0F600063150 /* CPEmptyView.h */,
				2054C94726BAF0F600063150 /* CPEmptyView.m */,
				2054C94926BAF0F600063150 /* UICollectionView+EmptyView.h */,
				2054C94526BAF0F600063150 /* UICollectionView+EmptyView.m */,
				2054C94626BAF0F600063150 /* UITableView+EmptyView.h */,
				2054C94826BAF0F600063150 /* UITableView+EmptyView.m */,
			);
			path = CPEmptyView;
			sourceTree = "<group>";
		};
		2054C95726BAF65500063150 /* HTTP */ = {
			isa = PBXGroup;
			children = (
				2054C95B26BAF65500063150 /* JYHttpResponse.h */,
				2054C95926BAF65500063150 /* JYHttpResponse.m */,
				2054C95C26BAF65500063150 /* JYHTTPServiceConnstent.h */,
				2054C95826BAF65500063150 /* JYNetworkingManager.h */,
				2054C95A26BAF65500063150 /* JYNetworkingManager.m */,
			);
			path = HTTP;
			sourceTree = "<group>";
		};
		2054C96326BD826F00063150 /* CustomMJRefresh */ = {
			isa = PBXGroup;
			children = (
				2054C96426BD826F00063150 /* CPRefreshNormalHeader.m */,
				2054C96526BD826F00063150 /* CPRefreshAutoNormalFooter.h */,
				2054C96626BD826F00063150 /* CPRefreshNormalHeader.h */,
				2054C96726BD826F00063150 /* CPRefreshAutoNormalFooter.m */,
			);
			path = CustomMJRefresh;
			sourceTree = "<group>";
		};
		2054C96A26BD836500063150 /* TagListView */ = {
			isa = PBXGroup;
			children = (
				2054C97126BD838D00063150 /* OUTagListView.h */,
				2054C97226BD838D00063150 /* OUTagListView.m */,
				2054C96B26BD836500063150 /* TagListView.h */,
				2054C96C26BD836500063150 /* TagView.m */,
				2054C96D26BD836500063150 /* TagListView.m */,
				2054C96E26BD836500063150 /* TagView.h */,
			);
			path = TagListView;
			sourceTree = "<group>";
		};
		2054C97426BD843900063150 /* BRPickerView */ = {
			isa = PBXGroup;
			children = (
				2054C97526BD843900063150 /* StringPickerView */,
				2054C97A26BD843900063150 /* BRPickerView.h */,
				2054C97B26BD843900063150 /* DatePickerView */,
				2054C98026BD843900063150 /* Base */,
				2054C98926BD843900063150 /* AddressPickerView */,
			);
			path = BRPickerView;
			sourceTree = "<group>";
		};
		2054C97526BD843900063150 /* StringPickerView */ = {
			isa = PBXGroup;
			children = (
				2054C97626BD843900063150 /* BRResultModel.m */,
				2054C97726BD843900063150 /* BRStringPickerView.h */,
				2054C97826BD843900063150 /* BRResultModel.h */,
				2054C97926BD843900063150 /* BRStringPickerView.m */,
			);
			path = StringPickerView;
			sourceTree = "<group>";
		};
		2054C97B26BD843900063150 /* DatePickerView */ = {
			isa = PBXGroup;
			children = (
				2054C97C26BD843900063150 /* BRDatePickerView.h */,
				2054C97D26BD843900063150 /* NSDate+BRPickerView.m */,
				2054C97E26BD843900063150 /* BRDatePickerView.m */,
				2054C97F26BD843900063150 /* NSDate+BRPickerView.h */,
			);
			path = DatePickerView;
			sourceTree = "<group>";
		};
		2054C98026BD843900063150 /* Base */ = {
			isa = PBXGroup;
			children = (
				2054C98126BD843900063150 /* NSBundle+BRPickerView.h */,
				2054C98226BD843900063150 /* BRPickerViewMacro.h */,
				2054C98326BD843900063150 /* BRPickerView.bundle */,
				2054C98426BD843900063150 /* BRPickerStyle.m */,
				2054C98526BD843900063150 /* BRBaseView.m */,
				2054C98626BD843900063150 /* NSBundle+BRPickerView.m */,
				2054C98726BD843900063150 /* BRBaseView.h */,
				2054C98826BD843900063150 /* BRPickerStyle.h */,
			);
			path = Base;
			sourceTree = "<group>";
		};
		2054C98926BD843900063150 /* AddressPickerView */ = {
			isa = PBXGroup;
			children = (
				2054C98A26BD843900063150 /* BRAddressModel.m */,
				2054C98B26BD843900063150 /* BRAddressPickerView.h */,
				2054C98C26BD843900063150 /* BRAddressModel.h */,
				2054C98D26BD843900063150 /* BRAddressPickerView.m */,
			);
			path = AddressPickerView;
			sourceTree = "<group>";
		};
		20753360258665DB00A5E607 /* Controller */ = {
			isa = PBXGroup;
			children = (
				2054C95226BAF37D00063150 /* UIViewController+CPPush.h */,
				2054C95426BAF37D00063150 /* UIViewController+CPPush.m */,
				2054C95126BAF37D00063150 /* UIViewController+SHPhoto.h */,
				2054C95326BAF37D00063150 /* UIViewController+SHPhoto.m */,
				2054C94F26BAF2C800063150 /* FBKVOController+JYExtension.h */,
				2054C94E26BAF2C800063150 /* FBKVOController+JYExtension.m */,
				20753384258A615500A5E607 /* YRNavigationBarPure */,
			);
			path = Controller;
			sourceTree = "<group>";
		};
		20753361258665E700A5E607 /* Object */ = {
			isa = PBXGroup;
			children = (
				20D99DF520E4E10800F06BFE /* UIColor+JYExtension.h */,
				20D99DF620E4E10800F06BFE /* UIColor+JYExtension.m */,
				9D0E94232091D68A00BF3E43 /* NSString+JYDevice.h */,
				9D0E94242091D68A00BF3E43 /* NSString+JYDevice.m */,
				2079992B20E9F89900C34D9A /* NSString+JYValid.h */,
				2079992C20E9F89900C34D9A /* NSString+JYValid.m */,
				2079992220E9CC9200C34D9A /* NSString+JYExtension.h */,
				2079992320E9CC9200C34D9A /* NSString+JYExtension.m */,
				20D4AC4D20EC63E2006693CD /* UIImage+JYBlur.h */,
				20D4AC4E20EC63E2006693CD /* UIImage+JYBlur.m */,
				9D0E942C2091DEDE00BF3E43 /* UIImage+JYExtension.h */,
				9D0E942D2091DEDE00BF3E43 /* UIImage+JYExtension.m */,
				2079993520EA0DAF00C34D9A /* NSDate+JYExtension.h */,
				2079993620EA0DAF00C34D9A /* NSDate+JYExtension.m */,
				2079993820EA0F3200C34D9A /* NSDateFormatter+JYExtension.h */,
				2079993920EA0F3200C34D9A /* NSDateFormatter+JYExtension.m */,
				20D39E1C20E391F60088F4BF /* UIFont+JYScale.h */,
				20D39E1D20E391F60088F4BF /* UIFont+JYScale.m */,
				20D4AC5320EC6ABF006693CD /* UIFont+JYExtenison.h */,
				20D4AC5420EC6ABF006693CD /* UIFont+JYExtenison.m */,
			);
			path = Object;
			sourceTree = "<group>";
		};
		20753362258665F000A5E607 /* View */ = {
			isa = PBXGroup;
			children = (
				2054C96126BC2B4800063150 /* UIView+HUD.h */,
				2054C96026BC2B4800063150 /* UIView+HUD.m */,
				20D99DEB20E4DBA900F06BFE /* UIBarButtonItem+JYExtension.h */,
				20D99DEC20E4DBA900F06BFE /* UIBarButtonItem+JYExtension.m */,
				2079992520E9CE5700C34D9A /* UITabBar+JYBage.h */,
				2079992620E9CE5700C34D9A /* UITabBar+JYBage.m */,
				2079992820E9DB3C00C34D9A /* UITableView+JYExtension.h */,
				2079992920E9DB3C00C34D9A /* UITableView+JYExtension.m */,
				2079993E20EA175A00C34D9A /* UIImageView+JYWebImage.h */,
				2079993F20EA175A00C34D9A /* UIImageView+JYWebImage.m */,
				20408EF7258CE28B00CEEDBC /* UITextView+JYPlaceholder.h */,
				20408EF8258CE28B00CEEDBC /* UITextView+JYPlaceholder.m */,
				9D0E94292091D92E00BF3E43 /* UIView+JYRect.h */,
				9D0E942A2091D92E00BF3E43 /* UIView+JYRect.m */,
				207533752586674C00A5E607 /* UIView+JYBageView.h */,
				207533762586674D00A5E607 /* UIView+JYBageView.m */,
				20D4AC5020EC69DC006693CD /* UIView+JYExtension.h */,
				20D4AC5120EC69DC006693CD /* UIView+JYExtension.m */,
				9D0E94262091D84A00BF3E43 /* UIButton+JYOptions.h */,
				9D0E94272091D84A00BF3E43 /* UIButton+JYOptions.m */,
				2079991F20E9CB7800C34D9A /* UITextField+JYExtension.h */,
				2079992020E9CB7800C34D9A /* UITextField+JYExtension.m */,
				2075336C2586668500A5E607 /* UILabel+JYCategory.h */,
				2075336D2586668500A5E607 /* UILabel+JYCategory.m */,
				20057A62259082CA00737CB2 /* UIControl+ClickInterval.h */,
				20057A63259082CA00737CB2 /* UIControl+ClickInterval.m */,
			);
			path = View;
			sourceTree = "<group>";
		};
		20753384258A615500A5E607 /* YRNavigationBarPure */ = {
			isa = PBXGroup;
			children = (
				20753387258A615500A5E607 /* UIView+Snapshot.h */,
				20753385258A615500A5E607 /* UIView+Snapshot.m */,
				20753386258A615500A5E607 /* UIViewController+PureTransition.h */,
				20753388258A615500A5E607 /* UIViewController+PureTransition.m */,
				2075338A258A615500A5E607 /* YRNavigationBarPure.h */,
			);
			path = YRNavigationBarPure;
			sourceTree = "<group>";
		};
		207533B0258F470200A5E607 /* ViewModel */ = {
			isa = PBXGroup;
			children = (
				207533B1258F474700A5E607 /* JYBaseViewModel.h */,
				207533B2258F474700A5E607 /* JYBaseViewModel.m */,
			);
			path = ViewModel;
			sourceTree = "<group>";
		};
		2079992E20E9FDF100C34D9A /* JYUtil */ = {
			isa = PBXGroup;
			children = (
				2054C96A26BD836500063150 /* TagListView */,
				2054C95726BAF65500063150 /* HTTP */,
				2079992F20E9FE7E00C34D9A /* JYControllerHelper.h */,
				2079993020E9FE7E00C34D9A /* JYControllerHelper.m */,
				2079993B20EA103600C34D9A /* JYWebImageTool.h */,
				2079993C20EA103600C34D9A /* JYWebImageTool.m */,
				2079993220EA091600C34D9A /* JYLocalNotifationCenter.h */,
				2079993320EA091600C34D9A /* JYLocalNotifationCenter.m */,
				2075337B2586687C00A5E607 /* JYScanNative.h */,
				2075337C2586687D00A5E607 /* JYScanNative.m */,
				2054C96326BD826F00063150 /* CustomMJRefresh */,
			);
			path = JYUtil;
			sourceTree = "<group>";
		};
		208CAA1C20E1EAB100374358 /* JYConfig */ = {
			isa = PBXGroup;
			children = (
				208CAA1E20E1EAF200374358 /* JYMacros.h */,
				20E0784C21146374003D011E /* JYConstant.h */,
				20E0784D21146374003D011E /* JYConstant.m */,
				20D99DE720E4D58700F06BFE /* PrefixHeader.pch */,
			);
			path = JYConfig;
			sourceTree = "<group>";
		};
		208CAA3120E2378000374358 /* Frameworks */ = {
			isa = PBXGroup;
			children = (
				208CAA4A20E23E7000374358 /* CoreMotion.framework */,
				208CAA4820E23E6700374358 /* CFNetwork.framework */,
				208CAA4620E23E5E00374358 /* Foundation.framework */,
				208CAA4420E23E5300374358 /* UIKit.framework */,
				208CAA4220E23E4B00374358 /* CoreGraphics.framework */,
				208CAA4020E23E4300374358 /* CoreText.framework */,
				208CAA3E20E23E3B00374358 /* QuartzCore.framework */,
				208CAA3C20E23E2D00374358 /* CoreTelephony.framework */,
				208CAA3A20E23E2000374358 /* libz.tbd */,
				208CAA3820E23E1900374358 /* libc++.tbd */,
				208CAA3620E23B3800374358 /* SystemConfiguration.framework */,
				E06A23C5A2136C0CFC7F2AF6 /* libPods-JYSDKDemo.a */,
			);
			name = Frameworks;
			sourceTree = "<group>";
		};
		20D4AC5620EC7DEA006693CD /* Other */ = {
			isa = PBXGroup;
			children = (
				2054C94426BAF0F600063150 /* CPEmptyView */,
				20D4AC5720EC7E0C006693CD /* JYEmptyDataView.h */,
				20D4AC5820EC7E0C006693CD /* JYEmptyDataView.m */,
			);
			path = Other;
			sourceTree = "<group>";
		};
		20D99DE020E4BC5800F06BFE /* JYBase */ = {
			isa = PBXGroup;
			children = (
				207533B0258F470200A5E607 /* ViewModel */,
				20D99DF120E4DC8400F06BFE /* Models */,
				20D99DF020E4DC7D00F06BFE /* Views */,
				20D99DEF20E4DC6E00F06BFE /* ViewControllers */,
			);
			path = JYBase;
			sourceTree = "<group>";
		};
		20D99DEF20E4DC6E00F06BFE /* ViewControllers */ = {
			isa = PBXGroup;
			children = (
				20D99DE120E4BC8400F06BFE /* JYBaseViewController.h */,
				20D99DE220E4BC8400F06BFE /* JYBaseViewController.m */,
				20A453452122E68900540EF1 /* JYTableViewController.h */,
				20A453462122E68900540EF1 /* JYTableViewController.m */,
				20D99DE820E4DA6700F06BFE /* JYNavigationController.h */,
				20D99DE920E4DA6700F06BFE /* JYNavigationController.m */,
				20E0783A21145BE8003D011E /* JYTabBarController.h */,
				20E0783B21145BE8003D011E /* JYTabBarController.m */,
				20A453482123274000540EF1 /* JYWebViewController.h */,
				20A453492123274000540EF1 /* JYWebViewController.m */,
				207533C3258F4A8C00A5E607 /* JYStackViewController.h */,
				207533C4258F4A8C00A5E607 /* JYStackViewController.m */,
			);
			path = ViewControllers;
			sourceTree = "<group>";
		};
		20D99DF020E4DC7D00F06BFE /* Views */ = {
			isa = PBXGroup;
			children = (
				20D99DF220E4DCCA00F06BFE /* JYBackButton.h */,
				20D99DF320E4DCCA00F06BFE /* JYBackButton.m */,
				20E0783D21145C63003D011E /* JYTabBar.h */,
				20E0783E21145C63003D011E /* JYTabBar.m */,
				2075335A2586642200A5E607 /* JYTableViewCell.h */,
				2075335B2586642200A5E607 /* JYTableViewCell.m */,
				207533BA258F484200A5E607 /* JYCollectionViewCell.h */,
				207533BB258F484200A5E607 /* JYCollectionViewCell.m */,
				2075334E258660C800A5E607 /* JYBaseAlertView.h */,
				2075334F258660C800A5E607 /* JYBaseAlertView.m */,
				20753354258661E800A5E607 /* JYAlertSheet.h */,
				20753355258661E800A5E607 /* JYAlertSheet.m */,
			);
			path = Views;
			sourceTree = "<group>";
		};
		20D99DF120E4DC8400F06BFE /* Models */ = {
			isa = PBXGroup;
			children = (
				20D8A0ED2112A56A009DBE91 /* JYModel.h */,
				20D8A0EE2112A56A009DBE91 /* JYModel.m */,
			);
			path = Models;
			sourceTree = "<group>";
		};
		9D0E94222091D48E00BF3E43 /* JYCategorys */ = {
			isa = PBXGroup;
			children = (
				9D64665C20905076002128F1 /* JYSafe */,
				20753362258665F000A5E607 /* View */,
				20753361258665E700A5E607 /* Object */,
				20753360258665DB00A5E607 /* Controller */,
			);
			path = JYCategorys;
			sourceTree = "<group>";
		};
		9D64665C20905076002128F1 /* JYSafe */ = {
			isa = PBXGroup;
			children = (
				20E7CA0221130CFA0085AD75 /* NSObject+JYSafe.h */,
				20E7CA0321130CFA0085AD75 /* NSObject+JYSafe.m */,
				20E7CA0521130FE20085AD75 /* JYSafeProtector.h */,
				20E7CA0621130FE20085AD75 /* JYSafeProtector.m */,
				9D64665D20905094002128F1 /* NSDictionary+JYSafe.h */,
				9D64665E20905094002128F1 /* NSDictionary+JYSafe.m */,
				9D64666320905143002128F1 /* NSArray+JYSafe.h */,
				9D64666420905143002128F1 /* NSArray+JYSafe.m */,
				9D64666620905324002128F1 /* NSString+JYSafe.h */,
				9D64666720905324002128F1 /* NSString+JYSafe.m */,
				9D646660209050E9002128F1 /* NSObject+JYRuntime.h */,
				9D646661209050E9002128F1 /* NSObject+JYRuntime.m */,
			);
			path = JYSafe;
			sourceTree = "<group>";
		};
		9D8AC3DC206B9B3900BD6FB5 = {
			isa = PBXGroup;
			children = (
				20D4AC5620EC7DEA006693CD /* Other */,
				2079992E20E9FDF100C34D9A /* JYUtil */,
				208CAA1C20E1EAB100374358 /* JYConfig */,
				9D0E94222091D48E00BF3E43 /* JYCategorys */,
				9DDD1DDA206CD27E00D35594 /* ThirdParty */,
				20D99DE020E4BC5800F06BFE /* JYBase */,
				204E64012266FAAE00F29622 /* JYPageViewController */,
				204E63FA226434E600F29622 /* JYSegmentView */,
				9DDD1DD6206C996B00D35594 /* JYTPHelper */,
				9D8AC3E7206B9B3A00BD6FB5 /* JYSDKDemo */,
				9D8AC400206B9B3A00BD6FB5 /* JYSDKDemoTests */,
				9D8AC40B206B9B3A00BD6FB5 /* JYSDKDemoUITests */,
				9D8AC3E6206B9B3A00BD6FB5 /* Products */,
				208CAA3120E2378000374358 /* Frameworks */,
				E5F48057EAD340FBA762DDAB /* Pods */,
			);
			sourceTree = "<group>";
		};
		9D8AC3E6206B9B3A00BD6FB5 /* Products */ = {
			isa = PBXGroup;
			children = (
				9D8AC3E5206B9B3A00BD6FB5 /* JYSDKDemo.app */,
				9D8AC3FD206B9B3A00BD6FB5 /* JYSDKDemoTests.xctest */,
				9D8AC408206B9B3A00BD6FB5 /* JYSDKDemoUITests.xctest */,
			);
			name = Products;
			sourceTree = "<group>";
		};
		9D8AC3E7206B9B3A00BD6FB5 /* JYSDKDemo */ = {
			isa = PBXGroup;
			children = (
				9D8AC3E8206B9B3A00BD6FB5 /* AppDelegate.h */,
				9D8AC3E9206B9B3A00BD6FB5 /* AppDelegate.m */,
				9D8AC3EB206B9B3A00BD6FB5 /* ViewController.h */,
				9D8AC3EC206B9B3A00BD6FB5 /* ViewController.m */,
				2054C94326BACE9A00063150 /* Codelump.h */,
				207533A4258F3D9100A5E607 /* JYTestViewController.h */,
				207533A5258F3D9100A5E607 /* JYTestViewController.m */,
				2003C95925AD54EE00A1627F /* JYTestTableViewCell.h */,
				2003C95A25AD54EE00A1627F /* JYTestTableViewCell.m */,
				9D8AC3F1206B9B3A00BD6FB5 /* Assets.xcassets */,
				9D8AC3F3206B9B3A00BD6FB5 /* LaunchScreen.storyboard */,
				9D8AC3F6206B9B3A00BD6FB5 /* Info.plist */,
				2018C50B25B814CF00C6806E /* apple-app-site-association */,
				9D8AC3F7206B9B3A00BD6FB5 /* main.m */,
			);
			path = JYSDKDemo;
			sourceTree = "<group>";
		};
		9D8AC400206B9B3A00BD6FB5 /* JYSDKDemoTests */ = {
			isa = PBXGroup;
			children = (
				9D8AC401206B9B3A00BD6FB5 /* JYSDKDemoTests.m */,
				9D8AC403206B9B3A00BD6FB5 /* Info.plist */,
			);
			path = JYSDKDemoTests;
			sourceTree = "<group>";
		};
		9D8AC40B206B9B3A00BD6FB5 /* JYSDKDemoUITests */ = {
			isa = PBXGroup;
			children = (
				9D8AC40C206B9B3A00BD6FB5 /* JYSDKDemoUITests.m */,
				9D8AC40E206B9B3A00BD6FB5 /* Info.plist */,
			);
			path = JYSDKDemoUITests;
			sourceTree = "<group>";
		};
		9DDD1DD6206C996B00D35594 /* JYTPHelper */ = {
			isa = PBXGroup;
			children = (
				9DDD1DF0206CEE9A00D35594 /* JYTPHelper.h */,
				9DDD1DF1206CEE9A00D35594 /* JYTPHelper.m */,
				20D39E1920E387320088F4BF /* JYDefaultHelper.h */,
				20D39E1A20E387320088F4BF /* JYDefaultHelper.m */,
				208CAA1F20E1EFD600374358 /* JYWCHelper.h */,
				208CAA2020E1EFD600374358 /* JYWCHelper.m */,
				208CAA2520E21AA900374358 /* JYQQHelper.h */,
				208CAA2620E21AA900374358 /* JYQQHelper.m */,
				208CAA2C20E22F7500374358 /* JYWBHelper.h */,
				208CAA2B20E22F7500374358 /* JYWBHelper.m */,
				208CAA2E20E2308E00374358 /* JYAliPayHelper.h */,
				208CAA2F20E2308E00374358 /* JYAliPayHelper.m */,
				208CAA2220E1F26C00374358 /* JYTPHelperConfig.h */,
				208CAA2320E1F26C00374358 /* JYTPHelperConfig.m */,
				9DDD1DD7206C9A7200D35594 /* JYTPUserInfo.h */,
				9DDD1DD8206C9A7200D35594 /* JYTPUserInfo.m */,
				9D64665920901CA3002128F1 /* JYTPShareTool.h */,
				9D64665A20901CA3002128F1 /* JYTPShareTool.m */,
			);
			path = JYTPHelper;
			sourceTree = "<group>";
		};
		9DDD1DDA206CD27E00D35594 /* ThirdParty */ = {
			isa = PBXGroup;
			children = (
				2054C97426BD843900063150 /* BRPickerView */,
				9DDD1DED206CD39E00D35594 /* QQ */,
				9DDD1DDB206CD2AF00D35594 /* AliPay */,
			);
			path = ThirdParty;
			sourceTree = "<group>";
		};
		9DDD1DDB206CD2AF00D35594 /* AliPay */ = {
			isa = PBXGroup;
			children = (
				9DDD1DDC206CD2AF00D35594 /* AlipaySDK.bundle */,
				9DDD1DDD206CD2AF00D35594 /* AlipaySDK.framework */,
			);
			path = AliPay;
			sourceTree = "<group>";
		};
		9DDD1DED206CD39E00D35594 /* QQ */ = {
			isa = PBXGroup;
			children = (
				9DDD1DEE206CD39E00D35594 /* TencentOpenAPI.framework */,
			);
			path = QQ;
			sourceTree = "<group>";
		};
		E5F48057EAD340FBA762DDAB /* Pods */ = {
			isa = PBXGroup;
			children = (
				F39A851F101716E6EE6D9168 /* Pods-JYSDKDemo.debug.xcconfig */,
				6C26A93908412CE85C5489E6 /* Pods-JYSDKDemo.release.xcconfig */,
			);
			name = Pods;
			sourceTree = "<group>";
		};
/* End PBXGroup section */

/* Begin PBXNativeTarget section */
		9D8AC3E4206B9B3A00BD6FB5 /* JYSDKDemo */ = {
			isa = PBXNativeTarget;
			buildConfigurationList = 9D8AC411206B9B3A00BD6FB5 /* Build configuration list for PBXNativeTarget "JYSDKDemo" */;
			buildPhases = (
				2B535455AF87CD671551A27A /* [CP] Check Pods Manifest.lock */,
				9D8AC3E1206B9B3A00BD6FB5 /* Sources */,
				9D8AC3E2206B9B3A00BD6FB5 /* Frameworks */,
				9D8AC3E3206B9B3A00BD6FB5 /* Resources */,
				8047E97BD1B71A4775D5CD01 /* [CP] Copy Pods Resources */,
			);
			buildRules = (
			);
			dependencies = (
			);
			name = JYSDKDemo;
			productName = JYSDKDemo;
			productReference = 9D8AC3E5206B9B3A00BD6FB5 /* JYSDKDemo.app */;
			productType = "com.apple.product-type.application";
		};
		9D8AC3FC206B9B3A00BD6FB5 /* JYSDKDemoTests */ = {
			isa = PBXNativeTarget;
			buildConfigurationList = 9D8AC414206B9B3A00BD6FB5 /* Build configuration list for PBXNativeTarget "JYSDKDemoTests" */;
			buildPhases = (
				9D8AC3F9206B9B3A00BD6FB5 /* Sources */,
				9D8AC3FA206B9B3A00BD6FB5 /* Frameworks */,
				9D8AC3FB206B9B3A00BD6FB5 /* Resources */,
			);
			buildRules = (
			);
			dependencies = (
				9D8AC3FF206B9B3A00BD6FB5 /* PBXTargetDependency */,
			);
			name = JYSDKDemoTests;
			productName = JYSDKDemoTests;
			productReference = 9D8AC3FD206B9B3A00BD6FB5 /* JYSDKDemoTests.xctest */;
			productType = "com.apple.product-type.bundle.unit-test";
		};
		9D8AC407206B9B3A00BD6FB5 /* JYSDKDemoUITests */ = {
			isa = PBXNativeTarget;
			buildConfigurationList = 9D8AC417206B9B3A00BD6FB5 /* Build configuration list for PBXNativeTarget "JYSDKDemoUITests" */;
			buildPhases = (
				9D8AC404206B9B3A00BD6FB5 /* Sources */,
				9D8AC405206B9B3A00BD6FB5 /* Frameworks */,
				9D8AC406206B9B3A00BD6FB5 /* Resources */,
			);
			buildRules = (
			);
			dependencies = (
				9D8AC40A206B9B3A00BD6FB5 /* PBXTargetDependency */,
			);
			name = JYSDKDemoUITests;
			productName = JYSDKDemoUITests;
			productReference = 9D8AC408206B9B3A00BD6FB5 /* JYSDKDemoUITests.xctest */;
			productType = "com.apple.product-type.bundle.ui-testing";
		};
/* End PBXNativeTarget section */

/* Begin PBXProject section */
		9D8AC3DD206B9B3900BD6FB5 /* Project object */ = {
			isa = PBXProject;
			attributes = {
				LastUpgradeCheck = 0920;
				ORGANIZATIONNAME = isenu;
				TargetAttributes = {
					9D8AC3E4206B9B3A00BD6FB5 = {
						CreatedOnToolsVersion = 9.2;
						ProvisioningStyle = Automatic;
					};
					9D8AC3FC206B9B3A00BD6FB5 = {
						CreatedOnToolsVersion = 9.2;
						ProvisioningStyle = Automatic;
						TestTargetID = 9D8AC3E4206B9B3A00BD6FB5;
					};
					9D8AC407206B9B3A00BD6FB5 = {
						CreatedOnToolsVersion = 9.2;
						ProvisioningStyle = Automatic;
						TestTargetID = 9D8AC3E4206B9B3A00BD6FB5;
					};
				};
			};
			buildConfigurationList = 9D8AC3E0206B9B3900BD6FB5 /* Build configuration list for PBXProject "JYSDKDemo" */;
			compatibilityVersion = "Xcode 8.0";
			developmentRegion = en;
			hasScannedForEncodings = 0;
			knownRegions = (
				en,
				Base,
			);
			mainGroup = 9D8AC3DC206B9B3900BD6FB5;
			productRefGroup = 9D8AC3E6206B9B3A00BD6FB5 /* Products */;
			projectDirPath = "";
			projectRoot = "";
			targets = (
				9D8AC3E4206B9B3A00BD6FB5 /* JYSDKDemo */,
				9D8AC3FC206B9B3A00BD6FB5 /* JYSDKDemoTests */,
				9D8AC407206B9B3A00BD6FB5 /* JYSDKDemoUITests */,
			);
		};
/* End PBXProject section */

/* Begin PBXResourcesBuildPhase section */
		9D8AC3E3206B9B3A00BD6FB5 /* Resources */ = {
			isa = PBXResourcesBuildPhase;
			buildActionMask = 2147483647;
			files = (
				9D8AC3F5206B9B3A00BD6FB5 /* LaunchScreen.storyboard in Resources */,
				9D8AC3F2206B9B3A00BD6FB5 /* Assets.xcassets in Resources */,
				2054C99226BD843900063150 /* BRPickerView.bundle in Resources */,
				2018C50C25B814CF00C6806E /* apple-app-site-association in Resources */,
				9DDD1DDE206CD2AF00D35594 /* AlipaySDK.bundle in Resources */,
			);
			runOnlyForDeploymentPostprocessing = 0;
		};
		9D8AC3FB206B9B3A00BD6FB5 /* Resources */ = {
			isa = PBXResourcesBuildPhase;
			buildActionMask = 2147483647;
			files = (
			);
			runOnlyForDeploymentPostprocessing = 0;
		};
		9D8AC406206B9B3A00BD6FB5 /* Resources */ = {
			isa = PBXResourcesBuildPhase;
			buildActionMask = 2147483647;
			files = (
			);
			runOnlyForDeploymentPostprocessing = 0;
		};
/* End PBXResourcesBuildPhase section */

/* Begin PBXShellScriptBuildPhase section */
		2B535455AF87CD671551A27A /* [CP] Check Pods Manifest.lock */ = {
			isa = PBXShellScriptBuildPhase;
			buildActionMask = 2147483647;
			files = (
			);
			inputPaths = (
				"${PODS_PODFILE_DIR_PATH}/Podfile.lock",
				"${PODS_ROOT}/Manifest.lock",
			);
			name = "[CP] Check Pods Manifest.lock";
			outputPaths = (
				"$(DERIVED_FILE_DIR)/Pods-JYSDKDemo-checkManifestLockResult.txt",
			);
			runOnlyForDeploymentPostprocessing = 0;
			shellPath = /bin/sh;
			shellScript = "diff \"${PODS_PODFILE_DIR_PATH}/Podfile.lock\" \"${PODS_ROOT}/Manifest.lock\" > /dev/null\nif [ $? != 0 ] ; then\n    # print error to STDERR\n    echo \"error: The sandbox is not in sync with the Podfile.lock. Run 'pod install' or update your CocoaPods installation.\" >&2\n    exit 1\nfi\n# This output is used by Xcode 'outputs' to avoid re-running this script phase.\necho \"SUCCESS\" > \"${SCRIPT_OUTPUT_FILE_0}\"\n";
			showEnvVarsInLog = 0;
		};
		8047E97BD1B71A4775D5CD01 /* [CP] Copy Pods Resources */ = {
			isa = PBXShellScriptBuildPhase;
			buildActionMask = 2147483647;
			files = (
			);
			inputPaths = (
				"${PODS_ROOT}/Target Support Files/Pods-JYSDKDemo/Pods-JYSDKDemo-resources.sh",
				"${PODS_ROOT}/IQKeyboardManager/IQKeyboardManager/Resources/IQKeyboardManager.bundle",
				"${PODS_ROOT}/MJRefresh/MJRefresh/MJRefresh.bundle",
				"${PODS_ROOT}/Weibo_SDK/libWeiboSDK/WeiboSDK.bundle",
			);
			name = "[CP] Copy Pods Resources";
			outputPaths = (
				"${TARGET_BUILD_DIR}/${UNLOCALIZED_RESOURCES_FOLDER_PATH}/IQKeyboardManager.bundle",
				"${TARGET_BUILD_DIR}/${UNLOCALIZED_RESOURCES_FOLDER_PATH}/MJRefresh.bundle",
				"${TARGET_BUILD_DIR}/${UNLOCALIZED_RESOURCES_FOLDER_PATH}/WeiboSDK.bundle",
			);
			runOnlyForDeploymentPostprocessing = 0;
			shellPath = /bin/sh;
			shellScript = "\"${PODS_ROOT}/Target Support Files/Pods-JYSDKDemo/Pods-JYSDKDemo-resources.sh\"\n";
			showEnvVarsInLog = 0;
		};
/* End PBXShellScriptBuildPhase section */

/* Begin PBXSourcesBuildPhase section */
		9D8AC3E1206B9B3A00BD6FB5 /* Sources */ = {
			isa = PBXSourcesBuildPhase;
			buildActionMask = 2147483647;
			files = (
				2079994020EA175A00C34D9A /* UIImageView+JYWebImage.m in Sources */,
				2075338C258A615500A5E607 /* UIViewController+PureTransition.m in Sources */,
				20057A64259082CA00737CB2 /* UIControl+ClickInterval.m in Sources */,
				20408EF9258CE28B00CEEDBC /* UITextView+JYPlaceholder.m in Sources */,
				2075336E2586668500A5E607 /* UILabel+JYCategory.m in Sources */,
				2054C99526BD843900063150 /* NSBundle+BRPickerView.m in Sources */,
				9D0E942E2091DEDE00BF3E43 /* UIImage+JYExtension.m in Sources */,
				20D8A0EF2112A56A009DBE91 /* JYModel.m in Sources */,
				2054C99726BD843900063150 /* BRAddressPickerView.m in Sources */,
				20D39E1B20E387320088F4BF /* JYDefaultHelper.m in Sources */,
				20A453472122E68900540EF1 /* JYTableViewController.m in Sources */,
				2054C94C26BAF0F600063150 /* CPEmptyView.m in Sources */,
				2075338B258A615500A5E607 /* UIView+Snapshot.m in Sources */,
				2003C95B25AD54EE00A1627F /* JYTestTableViewCell.m in Sources */,
				20E0784E21146374003D011E /* JYConstant.m in Sources */,
				2054C98F26BD843900063150 /* BRStringPickerView.m in Sources */,
				207533C5258F4A8C00A5E607 /* JYStackViewController.m in Sources */,
				2079993720EA0DAF00C34D9A /* NSDate+JYExtension.m in Sources */,
				2054C96F26BD836500063150 /* TagView.m in Sources */,
				20E7CA0421130CFA0085AD75 /* NSObject+JYSafe.m in Sources */,
				9D0E942B2091D92E00BF3E43 /* UIView+JYRect.m in Sources */,
				2054C99326BD843900063150 /* BRPickerStyle.m in Sources */,
				2079992D20E9F89900C34D9A /* NSString+JYValid.m in Sources */,
				2054C95526BAF37D00063150 /* UIViewController+SHPhoto.m in Sources */,
				20E7CA0721130FE20085AD75 /* JYSafeProtector.m in Sources */,
				2054C95626BAF37D00063150 /* UIViewController+CPPush.m in Sources */,
				2079993120E9FE7E00C34D9A /* JYControllerHelper.m in Sources */,
				9D646662209050E9002128F1 /* NSObject+JYRuntime.m in Sources */,
				2054C98E26BD843900063150 /* BRResultModel.m in Sources */,
				20D4AC4F20EC63E2006693CD /* UIImage+JYBlur.m in Sources */,
				9D64666520905143002128F1 /* NSArray+JYSafe.m in Sources */,
				207533A6258F3D9100A5E607 /* JYTestViewController.m in Sources */,
				2054C96826BD826F00063150 /* CPRefreshNormalHeader.m in Sources */,
				2054C95E26BAF65500063150 /* JYNetworkingManager.m in Sources */,
				2054C96226BC2B4800063150 /* UIView+HUD.m in Sources */,
				207533772586674D00A5E607 /* UIView+JYBageView.m in Sources */,
				9D64665F20905094002128F1 /* NSDictionary+JYSafe.m in Sources */,
				2079992A20E9DB3C00C34D9A /* UITableView+JYExtension.m in Sources */,
				9D0E94252091D68A00BF3E43 /* NSString+JYDevice.m in Sources */,
				2054C99626BD843900063150 /* BRAddressModel.m in Sources */,
				2054C96926BD826F00063150 /* CPRefreshAutoNormalFooter.m in Sources */,
				2054C95D26BAF65500063150 /* JYHttpResponse.m in Sources */,
				207533B3258F474700A5E607 /* JYBaseViewModel.m in Sources */,
				2079993420EA091600C34D9A /* JYLocalNotifationCenter.m in Sources */,
				207533BC258F484200A5E607 /* JYCollectionViewCell.m in Sources */,
				9D64666820905324002128F1 /* NSString+JYSafe.m in Sources */,
				9D0E94282091D84A00BF3E43 /* UIButton+JYOptions.m in Sources */,
				9D64665B20901CA3002128F1 /* JYTPShareTool.m in Sources */,
				2054C99426BD843900063150 /* BRBaseView.m in Sources */,
				208CAA2120E1EFD600374358 /* JYWCHelper.m in Sources */,
				20D99DED20E4DBA900F06BFE /* UIBarButtonItem+JYExtension.m in Sources */,
				2079992420E9CC9200C34D9A /* NSString+JYExtension.m in Sources */,
				208CAA2D20E22F7600374358 /* JYWBHelper.m in Sources */,
				20D99DF420E4DCCA00F06BFE /* JYBackButton.m in Sources */,
				2079992120E9CB7800C34D9A /* UITextField+JYExtension.m in Sources */,
				20E0783C21145BE8003D011E /* JYTabBarController.m in Sources */,
				2054C97326BD838D00063150 /* OUTagListView.m in Sources */,
				9D8AC3ED206B9B3A00BD6FB5 /* ViewController.m in Sources */,
				9DDD1DF2206CEE9A00D35594 /* JYTPHelper.m in Sources */,
				208CAA3020E2308E00374358 /* JYAliPayHelper.m in Sources */,
				20D99DF720E4E10800F06BFE /* UIColor+JYExtension.m in Sources */,
				20E0783F21145C63003D011E /* JYTabBar.m in Sources */,
				20753356258661E800A5E607 /* JYAlertSheet.m in Sources */,
				2054C94D26BAF0F600063150 /* UITableView+EmptyView.m in Sources */,
				2079992720E9CE5700C34D9A /* UITabBar+JYBage.m in Sources */,
				208CAA2420E1F26C00374358 /* JYTPHelperConfig.m in Sources */,
				2079993D20EA103600C34D9A /* JYWebImageTool.m in Sources */,
				20D99DE320E4BC8400F06BFE /* JYBaseViewController.m in Sources */,
				20D99DEA20E4DA6700F06BFE /* JYNavigationController.m in Sources */,
				20D4AC5920EC7E0C006693CD /* JYEmptyDataView.m in Sources */,
				9D8AC3F8206B9B3A00BD6FB5 /* main.m in Sources */,
				20D39E1E20E391F60088F4BF /* UIFont+JYScale.m in Sources */,
				20D4AC5220EC69DC006693CD /* UIView+JYExtension.m in Sources */,
				2054C99026BD843900063150 /* NSDate+BRPickerView.m in Sources */,
				204E64042266FAE300F29622 /* JYPageViewController.m in Sources */,
				204E63FD2264351600F29622 /* JYSegmentView.m in Sources */,
				9D8AC3EA206B9B3A00BD6FB5 /* AppDelegate.m in Sources */,
				2054C99126BD843900063150 /* BRDatePickerView.m in Sources */,
				2054C97026BD836500063150 /* TagListView.m in Sources */,
				9DDD1DD9206C9A7200D35594 /* JYTPUserInfo.m in Sources */,
				2054C94B26BAF0F600063150 /* UICollectionView+EmptyView.m in Sources */,
				2075335C2586642200A5E607 /* JYTableViewCell.m in Sources */,
				2075337D2586687D00A5E607 /* JYScanNative.m in Sources */,
				20A4534A2123274000540EF1 /* JYWebViewController.m in Sources */,
				2079993A20EA0F3200C34D9A /* NSDateFormatter+JYExtension.m in Sources */,
				20753350258660C800A5E607 /* JYBaseAlertView.m in Sources */,
				20D4AC5520EC6ABF006693CD /* UIFont+JYExtenison.m in Sources */,
				208CAA2720E21AA900374358 /* JYQQHelper.m in Sources */,
				2054C95026BAF2C800063150 /* FBKVOController+JYExtension.m in Sources */,
			);
			runOnlyForDeploymentPostprocessing = 0;
		};
		9D8AC3F9206B9B3A00BD6FB5 /* Sources */ = {
			isa = PBXSourcesBuildPhase;
			buildActionMask = 2147483647;
			files = (
				9D8AC402206B9B3A00BD6FB5 /* JYSDKDemoTests.m in Sources */,
			);
			runOnlyForDeploymentPostprocessing = 0;
		};
		9D8AC404206B9B3A00BD6FB5 /* Sources */ = {
			isa = PBXSourcesBuildPhase;
			buildActionMask = 2147483647;
			files = (
				9D8AC40D206B9B3A00BD6FB5 /* JYSDKDemoUITests.m in Sources */,
			);
			runOnlyForDeploymentPostprocessing = 0;
		};
/* End PBXSourcesBuildPhase section */

/* Begin PBXTargetDependency section */
		9D8AC3FF206B9B3A00BD6FB5 /* PBXTargetDependency */ = {
			isa = PBXTargetDependency;
			target = 9D8AC3E4206B9B3A00BD6FB5 /* JYSDKDemo */;
			targetProxy = 9D8AC3FE206B9B3A00BD6FB5 /* PBXContainerItemProxy */;
		};
		9D8AC40A206B9B3A00BD6FB5 /* PBXTargetDependency */ = {
			isa = PBXTargetDependency;
			target = 9D8AC3E4206B9B3A00BD6FB5 /* JYSDKDemo */;
			targetProxy = 9D8AC409206B9B3A00BD6FB5 /* PBXContainerItemProxy */;
		};
/* End PBXTargetDependency section */

/* Begin PBXVariantGroup section */
		9D8AC3F3206B9B3A00BD6FB5 /* LaunchScreen.storyboard */ = {
			isa = PBXVariantGroup;
			children = (
				9D8AC3F4206B9B3A00BD6FB5 /* Base */,
			);
			name = LaunchScreen.storyboard;
			sourceTree = "<group>";
		};
/* End PBXVariantGroup section */

/* Begin XCBuildConfiguration section */
		9D8AC40F206B9B3A00BD6FB5 /* Debug */ = {
			isa = XCBuildConfiguration;
			buildSettings = {
				ALWAYS_SEARCH_USER_PATHS = NO;
				CLANG_ANALYZER_NONNULL = YES;
				CLANG_ANALYZER_NUMBER_OBJECT_CONVERSION = YES_AGGRESSIVE;
				CLANG_CXX_LANGUAGE_STANDARD = "gnu++14";
				CLANG_CXX_LIBRARY = "libc++";
				CLANG_ENABLE_MODULES = YES;
				CLANG_ENABLE_OBJC_ARC = YES;
				CLANG_WARN_BLOCK_CAPTURE_AUTORELEASING = YES;
				CLANG_WARN_BOOL_CONVERSION = YES;
				CLANG_WARN_COMMA = YES;
				CLANG_WARN_CONSTANT_CONVERSION = YES;
				CLANG_WARN_DIRECT_OBJC_ISA_USAGE = YES_ERROR;
				CLANG_WARN_DOCUMENTATION_COMMENTS = YES;
				CLANG_WARN_EMPTY_BODY = YES;
				CLANG_WARN_ENUM_CONVERSION = YES;
				CLANG_WARN_INFINITE_RECURSION = YES;
				CLANG_WARN_INT_CONVERSION = YES;
				CLANG_WARN_NON_LITERAL_NULL_CONVERSION = YES;
				CLANG_WARN_OBJC_LITERAL_CONVERSION = YES;
				CLANG_WARN_OBJC_ROOT_CLASS = YES_ERROR;
				CLANG_WARN_RANGE_LOOP_ANALYSIS = YES;
				CLANG_WARN_STRICT_PROTOTYPES = YES;
				CLANG_WARN_SUSPICIOUS_MOVE = YES;
				CLANG_WARN_UNGUARDED_AVAILABILITY = YES_AGGRESSIVE;
				CLANG_WARN_UNREACHABLE_CODE = YES;
				CLANG_WARN__DUPLICATE_METHOD_MATCH = YES;
				CODE_SIGN_IDENTITY = "iPhone Developer";
				COPY_PHASE_STRIP = NO;
				DEBUG_INFORMATION_FORMAT = dwarf;
				ENABLE_STRICT_OBJC_MSGSEND = YES;
				ENABLE_TESTABILITY = YES;
				GCC_C_LANGUAGE_STANDARD = gnu11;
				GCC_DYNAMIC_NO_PIC = NO;
				GCC_NO_COMMON_BLOCKS = YES;
				GCC_OPTIMIZATION_LEVEL = 0;
				GCC_PREPROCESSOR_DEFINITIONS = (
					"DEBUG=1",
					"$(inherited)",
				);
				GCC_WARN_64_TO_32_BIT_CONVERSION = YES;
				GCC_WARN_ABOUT_RETURN_TYPE = YES_ERROR;
				GCC_WARN_UNDECLARED_SELECTOR = YES;
				GCC_WARN_UNINITIALIZED_AUTOS = YES_AGGRESSIVE;
				GCC_WARN_UNUSED_FUNCTION = YES;
				GCC_WARN_UNUSED_VARIABLE = YES;
				IPHONEOS_DEPLOYMENT_TARGET = 11.2;
				MTL_ENABLE_DEBUG_INFO = YES;
				ONLY_ACTIVE_ARCH = YES;
				SDKROOT = iphoneos;
			};
			name = Debug;
		};
		9D8AC410206B9B3A00BD6FB5 /* Release */ = {
			isa = XCBuildConfiguration;
			buildSettings = {
				ALWAYS_SEARCH_USER_PATHS = NO;
				CLANG_ANALYZER_NONNULL = YES;
				CLANG_ANALYZER_NUMBER_OBJECT_CONVERSION = YES_AGGRESSIVE;
				CLANG_CXX_LANGUAGE_STANDARD = "gnu++14";
				CLANG_CXX_LIBRARY = "libc++";
				CLANG_ENABLE_MODULES = YES;
				CLANG_ENABLE_OBJC_ARC = YES;
				CLANG_WARN_BLOCK_CAPTURE_AUTORELEASING = YES;
				CLANG_WARN_BOOL_CONVERSION = YES;
				CLANG_WARN_COMMA = YES;
				CLANG_WARN_CONSTANT_CONVERSION = YES;
				CLANG_WARN_DIRECT_OBJC_ISA_USAGE = YES_ERROR;
				CLANG_WARN_DOCUMENTATION_COMMENTS = YES;
				CLANG_WARN_EMPTY_BODY = YES;
				CLANG_WARN_ENUM_CONVERSION = YES;
				CLANG_WARN_INFINITE_RECURSION = YES;
				CLANG_WARN_INT_CONVERSION = YES;
				CLANG_WARN_NON_LITERAL_NULL_CONVERSION = YES;
				CLANG_WARN_OBJC_LITERAL_CONVERSION = YES;
				CLANG_WARN_OBJC_ROOT_CLASS = YES_ERROR;
				CLANG_WARN_RANGE_LOOP_ANALYSIS = YES;
				CLANG_WARN_STRICT_PROTOTYPES = YES;
				CLANG_WARN_SUSPICIOUS_MOVE = YES;
				CLANG_WARN_UNGUARDED_AVAILABILITY = YES_AGGRESSIVE;
				CLANG_WARN_UNREACHABLE_CODE = YES;
				CLANG_WARN__DUPLICATE_METHOD_MATCH = YES;
				CODE_SIGN_IDENTITY = "iPhone Developer";
				COPY_PHASE_STRIP = NO;
				DEBUG_INFORMATION_FORMAT = "dwarf-with-dsym";
				ENABLE_NS_ASSERTIONS = NO;
				ENABLE_STRICT_OBJC_MSGSEND = YES;
				GCC_C_LANGUAGE_STANDARD = gnu11;
				GCC_NO_COMMON_BLOCKS = YES;
				GCC_WARN_64_TO_32_BIT_CONVERSION = YES;
				GCC_WARN_ABOUT_RETURN_TYPE = YES_ERROR;
				GCC_WARN_UNDECLARED_SELECTOR = YES;
				GCC_WARN_UNINITIALIZED_AUTOS = YES_AGGRESSIVE;
				GCC_WARN_UNUSED_FUNCTION = YES;
				GCC_WARN_UNUSED_VARIABLE = YES;
				IPHONEOS_DEPLOYMENT_TARGET = 11.2;
				MTL_ENABLE_DEBUG_INFO = NO;
				SDKROOT = iphoneos;
				VALIDATE_PRODUCT = YES;
			};
			name = Release;
		};
		9D8AC412206B9B3A00BD6FB5 /* Debug */ = {
			isa = XCBuildConfiguration;
			baseConfigurationReference = F39A851F101716E6EE6D9168 /* Pods-JYSDKDemo.debug.xcconfig */;
			buildSettings = {
				ASSETCATALOG_COMPILER_APPICON_NAME = AppIcon;
				CODE_SIGN_STYLE = Automatic;
				DEVELOPMENT_TEAM = 636CQ24LU3;
				FRAMEWORK_SEARCH_PATHS = (
					"$(inherited)",
					"$(PROJECT_DIR)/ThirdParty/AliPay",
					"$(PROJECT_DIR)/ThirdParty/QQ",
				);
				GCC_INCREASE_PRECOMPILED_HEADER_SHARING = YES;
				GCC_NO_COMMON_BLOCKS = NO;
				GCC_PRECOMPILE_PREFIX_HEADER = YES;
				GCC_PREFIX_HEADER = "$(PROJECT_DIR)/JYConfig/PrefixHeader.pch";
				INFOPLIST_FILE = JYSDKDemo/Info.plist;
				LD_RUNPATH_SEARCH_PATHS = "$(inherited) @executable_path/Frameworks";
				LIBRARY_SEARCH_PATHS = "$(inherited)";
				PRODUCT_BUNDLE_IDENTIFIER = com.Jayant.JYSDKDemo;
				PRODUCT_NAME = "$(TARGET_NAME)";
				TARGETED_DEVICE_FAMILY = 1;
			};
			name = Debug;
		};
		9D8AC413206B9B3A00BD6FB5 /* Release */ = {
			isa = XCBuildConfiguration;
			baseConfigurationReference = 6C26A93908412CE85C5489E6 /* Pods-JYSDKDemo.release.xcconfig */;
			buildSettings = {
				ASSETCATALOG_COMPILER_APPICON_NAME = AppIcon;
				CODE_SIGN_STYLE = Automatic;
				DEVELOPMENT_TEAM = 636CQ24LU3;
				FRAMEWORK_SEARCH_PATHS = (
					"$(inherited)",
					"$(PROJECT_DIR)/ThirdParty/AliPay",
					"$(PROJECT_DIR)/ThirdParty/QQ",
				);
				GCC_INCREASE_PRECOMPILED_HEADER_SHARING = YES;
				GCC_NO_COMMON_BLOCKS = NO;
				GCC_PRECOMPILE_PREFIX_HEADER = YES;
				GCC_PREFIX_HEADER = "$(PROJECT_DIR)/JYConfig/PrefixHeader.pch";
				INFOPLIST_FILE = JYSDKDemo/Info.plist;
				LD_RUNPATH_SEARCH_PATHS = "$(inherited) @executable_path/Frameworks";
				LIBRARY_SEARCH_PATHS = "$(inherited)";
				PRODUCT_BUNDLE_IDENTIFIER = com.Jayant.JYSDKDemo;
				PRODUCT_NAME = "$(TARGET_NAME)";
				TARGETED_DEVICE_FAMILY = 1;
			};
			name = Release;
		};
		9D8AC415206B9B3A00BD6FB5 /* Debug */ = {
			isa = XCBuildConfiguration;
			buildSettings = {
				BUNDLE_LOADER = "$(TEST_HOST)";
				CODE_SIGN_STYLE = Automatic;
				DEVELOPMENT_TEAM = 636CQ24LU3;
				INFOPLIST_FILE = JYSDKDemoTests/Info.plist;
				LD_RUNPATH_SEARCH_PATHS = "$(inherited) @executable_path/Frameworks @loader_path/Frameworks";
				PRODUCT_BUNDLE_IDENTIFIER = com.isenu.JYSDKDemoTests;
				PRODUCT_NAME = "$(TARGET_NAME)";
				TARGETED_DEVICE_FAMILY = "1,2";
				TEST_HOST = "$(BUILT_PRODUCTS_DIR)/JYSDKDemo.app/JYSDKDemo";
			};
			name = Debug;
		};
		9D8AC416206B9B3A00BD6FB5 /* Release */ = {
			isa = XCBuildConfiguration;
			buildSettings = {
				BUNDLE_LOADER = "$(TEST_HOST)";
				CODE_SIGN_STYLE = Automatic;
				DEVELOPMENT_TEAM = 636CQ24LU3;
				INFOPLIST_FILE = JYSDKDemoTests/Info.plist;
				LD_RUNPATH_SEARCH_PATHS = "$(inherited) @executable_path/Frameworks @loader_path/Frameworks";
				PRODUCT_BUNDLE_IDENTIFIER = com.isenu.JYSDKDemoTests;
				PRODUCT_NAME = "$(TARGET_NAME)";
				TARGETED_DEVICE_FAMILY = "1,2";
				TEST_HOST = "$(BUILT_PRODUCTS_DIR)/JYSDKDemo.app/JYSDKDemo";
			};
			name = Release;
		};
		9D8AC418206B9B3A00BD6FB5 /* Debug */ = {
			isa = XCBuildConfiguration;
			buildSettings = {
				CODE_SIGN_STYLE = Automatic;
				DEVELOPMENT_TEAM = 636CQ24LU3;
				INFOPLIST_FILE = JYSDKDemoUITests/Info.plist;
				LD_RUNPATH_SEARCH_PATHS = "$(inherited) @executable_path/Frameworks @loader_path/Frameworks";
				PRODUCT_BUNDLE_IDENTIFIER = com.isenu.JYSDKDemoUITests;
				PRODUCT_NAME = "$(TARGET_NAME)";
				TARGETED_DEVICE_FAMILY = "1,2";
				TEST_TARGET_NAME = JYSDKDemo;
			};
			name = Debug;
		};
		9D8AC419206B9B3A00BD6FB5 /* Release */ = {
			isa = XCBuildConfiguration;
			buildSettings = {
				CODE_SIGN_STYLE = Automatic;
				DEVELOPMENT_TEAM = 636CQ24LU3;
				INFOPLIST_FILE = JYSDKDemoUITests/Info.plist;
				LD_RUNPATH_SEARCH_PATHS = "$(inherited) @executable_path/Frameworks @loader_path/Frameworks";
				PRODUCT_BUNDLE_IDENTIFIER = com.isenu.JYSDKDemoUITests;
				PRODUCT_NAME = "$(TARGET_NAME)";
				TARGETED_DEVICE_FAMILY = "1,2";
				TEST_TARGET_NAME = JYSDKDemo;
			};
			name = Release;
		};
/* End XCBuildConfiguration section */

/* Begin XCConfigurationList section */
		9D8AC3E0206B9B3900BD6FB5 /* Build configuration list for PBXProject "JYSDKDemo" */ = {
			isa = XCConfigurationList;
			buildConfigurations = (
				9D8AC40F206B9B3A00BD6FB5 /* Debug */,
				9D8AC410206B9B3A00BD6FB5 /* Release */,
			);
			defaultConfigurationIsVisible = 0;
			defaultConfigurationName = Release;
		};
		9D8AC411206B9B3A00BD6FB5 /* Build configuration list for PBXNativeTarget "JYSDKDemo" */ = {
			isa = XCConfigurationList;
			buildConfigurations = (
				9D8AC412206B9B3A00BD6FB5 /* Debug */,
				9D8AC413206B9B3A00BD6FB5 /* Release */,
			);
			defaultConfigurationIsVisible = 0;
			defaultConfigurationName = Release;
		};
		9D8AC414206B9B3A00BD6FB5 /* Build configuration list for PBXNativeTarget "JYSDKDemoTests" */ = {
			isa = XCConfigurationList;
			buildConfigurations = (
				9D8AC415206B9B3A00BD6FB5 /* Debug */,
				9D8AC416206B9B3A00BD6FB5 /* Release */,
			);
			defaultConfigurationIsVisible = 0;
			defaultConfigurationName = Release;
		};
		9D8AC417206B9B3A00BD6FB5 /* Build configuration list for PBXNativeTarget "JYSDKDemoUITests" */ = {
			isa = XCConfigurationList;
			buildConfigurations = (
				9D8AC418206B9B3A00BD6FB5 /* Debug */,
				9D8AC419206B9B3A00BD6FB5 /* Release */,
			);
			defaultConfigurationIsVisible = 0;
			defaultConfigurationName = Release;
		};
/* End XCConfigurationList section */
	};
	rootObject = 9D8AC3DD206B9B3900BD6FB5 /* Project object */;
}
